PODS:
  - Alamofire (5.7.1)
  - FSCalendar (2.8.4)
  - Kingfisher (5.15.8):
    - Kingfisher/Core (= 5.15.8)
  - Kingfisher/Core (5.15.8)
  - ReusableKit (4.0.0):
    - ReusableKit/Core (= 4.0.0)
  - ReusableKit/Core (4.0.0)
  - SnapKit (5.6.0)
  - Then (3.0.0)

DEPENDENCIES:
  - Alamofire
  - FSCalendar
  - Kingfisher (~> 5.0)
  - ReusableKit
  - SnapKit (~> 5.6.0)
  - Then

SPEC REPOS:
  trunk:
    - Alamofire
    - FSCalendar
    - Kingfisher
    - ReusableKit
    - SnapKit
    - Then

SPEC CHECKSUMS:
  Alamofire: 0123a34370cb170936ae79a8df46cc62b2edeb88
  FSCalendar: 2d1d0d9398f12d439f55c1fe0f01525b151b8260
  Kingfisher: a3c03d702433fa6cfedabb2bddbe076fb8f2e902
  ReusableKit: 8caaff6dc6e2d4c12beb395010086930454b12c3
  SnapKit: e01d52ebb8ddbc333eefe2132acf85c8227d9c25
  Then: 844265ae87834bbe1147d91d5d41a404da2ec27d

PODFILE CHECKSUM: 711740ad764dd16e2be0bf8e39c65ac144c4aee4

COCOAPODS: 1.12.1
