PODS:
  - Alamofire (5.9.0)
  - BSImagePicker (3.3.2)
  - ExpyTableView (1.2.1)
  - FSCalendar (2.8.4)
  - Kingfisher (5.15.8):
    - Kingfisher/Core (= 5.15.8)
  - Kingfisher/Core (5.15.8)
  - lottie-ios (4.4.1)
  - ReusableKit (4.0.0):
    - ReusableKit/Core (= 4.0.0)
  - ReusableKit/Core (4.0.0)
  - SnapKit (5.6.0)
  - SwiftyJSON (4.3.0)
  - Then (3.0.0)

DEPENDENCIES:
  - Alamofire
  - BSImagePicker (~> 3.3.1)
  - ExpyTableView
  - FSCalendar
  - Kingfisher (~> 5.0)
  - lottie-ios
  - ReusableKit
  - SnapKit (~> 5.6.0)
  - SwiftyJSON (~> 4.0)
  - Then

SPEC REPOS:
  trunk:
    - Alamofire
    - BSImagePicker
    - ExpyTableView
    - FSCalendar
    - Kingfisher
    - lottie-ios
    - ReusableKit
    - SnapKit
    - SwiftyJSON
    - Then

SPEC CHECKSUMS:
  Alamofire: 02b772c9910e8eba1a079227c32fbd9e46c90a24
  BSImagePicker: 568ba98dcd066fb10f85dc84e3f8385881bdd1f8
  ExpyTableView: 19cf224c2ff04b1ec215ec52bc4ba6f81fa809ed
  FSCalendar: 2d1d0d9398f12d439f55c1fe0f01525b151b8260
  Kingfisher: a3c03d702433fa6cfedabb2bddbe076fb8f2e902
  lottie-ios: e047b1d2e6239b787cc5e9755b988869cf190494
  ReusableKit: 8caaff6dc6e2d4c12beb395010086930454b12c3
  SnapKit: e01d52ebb8ddbc333eefe2132acf85c8227d9c25
  SwiftyJSON: 6faa0040f8b59dead0ee07436cbf76b73c08fd08
  Then: 844265ae87834bbe1147d91d5d41a404da2ec27d

PODFILE CHECKSUM: f8640cd5a22e3f112a1a85b787aaba1adfdd7b9d

COCOAPODS: 1.12.1
