// !$*UTF8*$!
{
	archiveVersion = 1;
	classes = {
	};
	objectVersion = 56;
	objects = {

/* Begin PBXBuildFile section */
		0E16A07A5135254924AA7BBC /* Pods_MOGAK.framework in Frameworks */ = {isa = PBXBuildFile; fileRef = 3A5C70052B46096077CFF257 /* Pods_MOGAK.framework */; };
		4D94392B2ACD347F00864336 /* ModalartMainViewController.swift in Sources */ = {isa = PBXBuildFile; fileRef = 4D94392A2ACD347F00864336 /* ModalartMainViewController.swift */; };
		4D9439302ACD54E000864336 /* MogakCell.swift in Sources */ = {isa = PBXBuildFile; fileRef = 4D94392F2ACD54E000864336 /* MogakCell.swift */; };
		652C05DA2A73AB34004CE9C4 /* LocationFilterTableViewCell.swift in Sources */ = {isa = PBXBuildFile; fileRef = 652C05D92A73AB34004CE9C4 /* LocationFilterTableViewCell.swift */; };
		652C05DC2A7404B4004CE9C4 /* Data.swift in Sources */ = {isa = PBXBuildFile; fileRef = 652C05DB2A7404B4004CE9C4 /* Data.swift */; };
		652C05DE2A740667004CE9C4 /* LocationFilterSheetView.swift in Sources */ = {isa = PBXBuildFile; fileRef = 652C05DD2A740667004CE9C4 /* LocationFilterSheetView.swift */; };
		6544766E2A94C8EF0050AE9E /* Networking_ServerResponseStruct.swift in Sources */ = {isa = PBXBuildFile; fileRef = 6544766D2A94C8EF0050AE9E /* Networking_ServerResponseStruct.swift */; };
		654476702A950B480050AE9E /* FeedModel.swift in Sources */ = {isa = PBXBuildFile; fileRef = 6544766F2A950B480050AE9E /* FeedModel.swift */; };
		656A53E02A74F06B00A527A1 /* CategoryFilterCollectionViewCell.swift in Sources */ = {isa = PBXBuildFile; fileRef = 656A53DF2A74F06B00A527A1 /* CategoryFilterCollectionViewCell.swift */; };
		6574D3532A89417700F53A69 /* FeedDetailCommentTableViewCell.swift in Sources */ = {isa = PBXBuildFile; fileRef = 6574D3522A89417700F53A69 /* FeedDetailCommentTableViewCell.swift */; };
		6582BDE72A6A786200C87FDE /* NetworkingFeedTableViewCell.swift in Sources */ = {isa = PBXBuildFile; fileRef = 6582BDE62A6A786200C87FDE /* NetworkingFeedTableViewCell.swift */; };
		65B139332A9107920088452E /* ConfirmEdittingFeedSheetViewController.swift in Sources */ = {isa = PBXBuildFile; fileRef = 65B139322A9107920088452E /* ConfirmEdittingFeedSheetViewController.swift */; };
		65B139352A9107CD0088452E /* ConfirmDeletingFeedSheetViewController.swift in Sources */ = {isa = PBXBuildFile; fileRef = 65B139342A9107CD0088452E /* ConfirmDeletingFeedSheetViewController.swift */; };
		65C119EC2A7941FE0040DFFB /* CategoryFilterSheetView.swift in Sources */ = {isa = PBXBuildFile; fileRef = 65C119EB2A7941FE0040DFFB /* CategoryFilterSheetView.swift */; };
		65F880E62A86AD35005543C9 /* FeedDetailViewController.swift in Sources */ = {isa = PBXBuildFile; fileRef = 65F880E52A86AD35005543C9 /* FeedDetailViewController.swift */; };
		65F880E82A86B0C7005543C9 /* UIImage+Ext.swift in Sources */ = {isa = PBXBuildFile; fileRef = 65F880E72A86B0C7005543C9 /* UIImage+Ext.swift */; };
		6C3502362A6EC24E00080017 /* ScheduleTableViewCell.swift in Sources */ = {isa = PBXBuildFile; fileRef = 6C3502352A6EC24E00080017 /* ScheduleTableViewCell.swift */; };
		6C4EE4E62A7AA15100DE0D5C /* SettingViewController.swift in Sources */ = {isa = PBXBuildFile; fileRef = 6C4EE4E52A7AA15000DE0D5C /* SettingViewController.swift */; };
		6C51FDA02A7CC249005B1738 /* AlarmViewController.swift in Sources */ = {isa = PBXBuildFile; fileRef = 6C51FD9F2A7CC249005B1738 /* AlarmViewController.swift */; };
		6C7F95D72A928B6B00255ED1 /* PauseModalVC.swift in Sources */ = {isa = PBXBuildFile; fileRef = 6C7F95D62A928B6B00255ED1 /* PauseModalVC.swift */; };
		6CB3DEA92A7B7F850056C596 /* CancelModalVC.swift in Sources */ = {isa = PBXBuildFile; fileRef = 6CB3DEA82A7B7F850056C596 /* CancelModalVC.swift */; };
		6CC638BB2A922B21009BC333 /* RecordingViewController.swift in Sources */ = {isa = PBXBuildFile; fileRef = 6CC638BA2A922B21009BC333 /* RecordingViewController.swift */; };
		6CD4A8842A93BF2900E7DEFD /* ScheduleTimerVC.swift in Sources */ = {isa = PBXBuildFile; fileRef = 6C7F95D82A928B9100255ED1 /* ScheduleTimerVC.swift */; };
		6CD4A8852A93BF3C00E7DEFD /* CertificationModalVC.swift in Sources */ = {isa = PBXBuildFile; fileRef = 6CFDCACC2A89491F00A7A73C /* CertificationModalVC.swift */; };
		6CD4A8862A93BF4500E7DEFD /* CircularProgressView.swift in Sources */ = {isa = PBXBuildFile; fileRef = 6C89F6BD2A82A61300E5B1FE /* CircularProgressView.swift */; };
		6CD4A8882A94F8EF00E7DEFD /* ScheduleStartStruct.swift in Sources */ = {isa = PBXBuildFile; fileRef = 6CD4A8872A94F8EF00E7DEFD /* ScheduleStartStruct.swift */; };
		6CFAA54C2A6999A7002666F7 /* SceneDelegate.swift in Sources */ = {isa = PBXBuildFile; fileRef = 9CFA7D062A458109003E80A7 /* SceneDelegate.swift */; };
		6CFAA54D2A6999AB002666F7 /* TabBarViewController.swift in Sources */ = {isa = PBXBuildFile; fileRef = 9CFA7D1F2A458E89003E80A7 /* TabBarViewController.swift */; };
		9C2EF7E52A63CE0600E8C8F4 /* ListTableViewCell.swift in Sources */ = {isa = PBXBuildFile; fileRef = 9C2EF7E42A63CE0600E8C8F4 /* ListTableViewCell.swift */; };
		9C2EF7E92A6C2A7600E8C8F4 /* MogakInitViewController.swift in Sources */ = {isa = PBXBuildFile; fileRef = 9C2EF7E82A6C2A7600E8C8F4 /* MogakInitViewController.swift */; };
		9C2EF7EC2A6CF79700E8C8F4 /* CategoryCell.swift in Sources */ = {isa = PBXBuildFile; fileRef = 9C2EF7EB2A6CF79700E8C8F4 /* CategoryCell.swift */; };
		9C2EF7EE2A6CFB6000E8C8F4 /* LeftAlignedCollectionViewFlowLayout.swift in Sources */ = {isa = PBXBuildFile; fileRef = 9C2EF7ED2A6CFB6000E8C8F4 /* LeftAlignedCollectionViewFlowLayout.swift */; };
		9C2EF7F22A6D1B1F00E8C8F4 /* RepeatViewCell.swift in Sources */ = {isa = PBXBuildFile; fileRef = 9C2EF7F12A6D1B1F00E8C8F4 /* RepeatViewCell.swift */; };
		9C2EF7F42A74899600E8C8F4 /* DismissKeyboardView.swift in Sources */ = {isa = PBXBuildFile; fileRef = 9C2EF7F32A74899600E8C8F4 /* DismissKeyboardView.swift */; };
		9C2EF7F62A76351D00E8C8F4 /* ScorllView+Ext.swift in Sources */ = {isa = PBXBuildFile; fileRef = 9C2EF7F52A76351D00E8C8F4 /* ScorllView+Ext.swift */; };
		9C2EF7F82A76901B00E8C8F4 /* TestViewController.swift in Sources */ = {isa = PBXBuildFile; fileRef = 9C2EF7F72A76901B00E8C8F4 /* TestViewController.swift */; };
		9C2EF7FA2A7E050B00E8C8F4 /* UILabel+Ext.swift in Sources */ = {isa = PBXBuildFile; fileRef = 9C2EF7F92A7E050B00E8C8F4 /* UILabel+Ext.swift */; };
		9C2EF7FC2A7F296C00E8C8F4 /* RegionCell.swift in Sources */ = {isa = PBXBuildFile; fileRef = 9C2EF7FB2A7F296C00E8C8F4 /* RegionCell.swift */; };
		9C2EF7FE2A7FA55B00E8C8F4 /* JogakDetailViewController.swift in Sources */ = {isa = PBXBuildFile; fileRef = 9C2EF7FD2A7FA55B00E8C8F4 /* JogakDetailViewController.swift */; };
		9C2EF8002A7FAC9B00E8C8F4 /* JogakDetailCell.swift in Sources */ = {isa = PBXBuildFile; fileRef = 9C2EF7FF2A7FAC9B00E8C8F4 /* JogakDetailCell.swift */; };
		9C2EF8022A812F2500E8C8F4 /* MyPageViewController.swift in Sources */ = {isa = PBXBuildFile; fileRef = 9C2EF8012A812F2500E8C8F4 /* MyPageViewController.swift */; };
		9C2EF8042A8285C100E8C8F4 /* FriendsListViewController.swift in Sources */ = {isa = PBXBuildFile; fileRef = 9C2EF8032A8285C100E8C8F4 /* FriendsListViewController.swift */; };
		9C2EF8062A8289D100E8C8F4 /* FollowingCell.swift in Sources */ = {isa = PBXBuildFile; fileRef = 9C2EF8052A8289D100E8C8F4 /* FollowingCell.swift */; };
		9C2EF8082A83D9E700E8C8F4 /* MyPageEditViewController.swift in Sources */ = {isa = PBXBuildFile; fileRef = 9C2EF8072A83D9E700E8C8F4 /* MyPageEditViewController.swift */; };
		9C2EF80A2A86624400E8C8F4 /* FriendDetailPageViewController.swift in Sources */ = {isa = PBXBuildFile; fileRef = 9C2EF8092A86624400E8C8F4 /* FriendDetailPageViewController.swift */; };
		9C5236A42A99CDD8005A76FD /* DesignSystem.swift in Sources */ = {isa = PBXBuildFile; fileRef = 9C5236A32A99CDD8005A76FD /* DesignSystem.swift */; };
		9C638AAE2A46C6AA002AB791 /* NetworkManager.swift in Sources */ = {isa = PBXBuildFile; fileRef = 9C638AAD2A46C6AA002AB791 /* NetworkManager.swift */; };
		9C638AB02A46DC75002AB791 /* KeyChainService.swift in Sources */ = {isa = PBXBuildFile; fileRef = 9C638AAF2A46DC75002AB791 /* KeyChainService.swift */; };
		9C638ABC2A46E6CD002AB791 /* WebLink.swift in Sources */ = {isa = PBXBuildFile; fileRef = 9C638ABB2A46E6CD002AB791 /* WebLink.swift */; };
		9C82D44A2A95159800CBC1C3 /* MogakModels.swift in Sources */ = {isa = PBXBuildFile; fileRef = 9C82D4492A95159800CBC1C3 /* MogakModels.swift */; };
		9CCB39D02A8B39BE00968CDB /* Utils.swift in Sources */ = {isa = PBXBuildFile; fileRef = 9CCB39CF2A8B39BE00968CDB /* Utils.swift */; };
		9CCB39D32A8FDA3C00968CDB /* RegisterUserInfo.swift in Sources */ = {isa = PBXBuildFile; fileRef = 9CCB39D22A8FDA3C00968CDB /* RegisterUserInfo.swift */; };
		9CCB39D52A9062E600968CDB /* String+Ext.swift in Sources */ = {isa = PBXBuildFile; fileRef = 9CCB39D42A9062E600968CDB /* String+Ext.swift */; };
		9CCB39D72A91186200968CDB /* ApiManager.swift in Sources */ = {isa = PBXBuildFile; fileRef = 9CCB39D62A91186200968CDB /* ApiManager.swift */; };
		9CCB39D92A9118CC00968CDB /* ApiConstants.swift in Sources */ = {isa = PBXBuildFile; fileRef = 9CCB39D82A9118CC00968CDB /* ApiConstants.swift */; };
		9CCB39DB2A911F8B00968CDB /* ValidateNicknameModel.swift in Sources */ = {isa = PBXBuildFile; fileRef = 9CCB39DA2A911F8B00968CDB /* ValidateNicknameModel.swift */; };
		9CCB39DD2A92677100968CDB /* JoinModel.swift in Sources */ = {isa = PBXBuildFile; fileRef = 9CCB39DC2A92677100968CDB /* JoinModel.swift */; };
		9CE426AF2A59404A001629DC /* Pretendard-Bold.otf in Resources */ = {isa = PBXBuildFile; fileRef = 9CE426A92A594049001629DC /* Pretendard-Bold.otf */; };
		9CE426B02A59404A001629DC /* Pretendard-ExtraLight.otf in Resources */ = {isa = PBXBuildFile; fileRef = 9CE426AA2A594049001629DC /* Pretendard-ExtraLight.otf */; };
		9CE426B12A59404A001629DC /* Pretendard-Light.otf in Resources */ = {isa = PBXBuildFile; fileRef = 9CE426AB2A59404A001629DC /* Pretendard-Light.otf */; };
		9CE426B22A59404A001629DC /* Pretendard-Medium.otf in Resources */ = {isa = PBXBuildFile; fileRef = 9CE426AC2A59404A001629DC /* Pretendard-Medium.otf */; };
		9CE426B32A59404A001629DC /* Pretendard-Black.otf in Resources */ = {isa = PBXBuildFile; fileRef = 9CE426AD2A59404A001629DC /* Pretendard-Black.otf */; };
		9CE426B42A59404A001629DC /* Pretendard-SemiBold.otf in Resources */ = {isa = PBXBuildFile; fileRef = 9CE426AE2A59404A001629DC /* Pretendard-SemiBold.otf */; };
		9CE426B82A594062001629DC /* Pretendard-ExtraBold.otf in Resources */ = {isa = PBXBuildFile; fileRef = 9CE426B52A594062001629DC /* Pretendard-ExtraBold.otf */; };
		9CE426B92A594062001629DC /* Pretendard-Regular.otf in Resources */ = {isa = PBXBuildFile; fileRef = 9CE426B62A594062001629DC /* Pretendard-Regular.otf */; };
		9CE426BA2A594062001629DC /* Pretendard-Thin.otf in Resources */ = {isa = PBXBuildFile; fileRef = 9CE426B72A594062001629DC /* Pretendard-Thin.otf */; };
		9CE426C32A594C47001629DC /* LoginViewController.swift in Sources */ = {isa = PBXBuildFile; fileRef = 9CE426C22A594C47001629DC /* LoginViewController.swift */; };
		9CE426C52A59573F001629DC /* UserDefaults+Ext.swift in Sources */ = {isa = PBXBuildFile; fileRef = 9CE426C42A59573F001629DC /* UserDefaults+Ext.swift */; };
		9CE426DA2A59C559001629DC /* AppGuideViewController.swift in Sources */ = {isa = PBXBuildFile; fileRef = 9CE426D92A59C559001629DC /* AppGuideViewController.swift */; };
		9CE426E52A5A3976001629DC /* OnBoardingFirstViewController.swift in Sources */ = {isa = PBXBuildFile; fileRef = 9CE426E42A5A3976001629DC /* OnBoardingFirstViewController.swift */; };
		9CE426E72A5A3A4F001629DC /* OnBoardingSecondViewController.swift in Sources */ = {isa = PBXBuildFile; fileRef = 9CE426E62A5A3A4F001629DC /* OnBoardingSecondViewController.swift */; };
		9CE426E92A5A3A58001629DC /* OnBoardingThirdViewController.swift in Sources */ = {isa = PBXBuildFile; fileRef = 9CE426E82A5A3A58001629DC /* OnBoardingThirdViewController.swift */; };
		9CE426F02A5AD705001629DC /* TermsAgreeViewController.swift in Sources */ = {isa = PBXBuildFile; fileRef = 9CE426EF2A5AD705001629DC /* TermsAgreeViewController.swift */; };
		9CE426F22A5D24A5001629DC /* NicknameViewController.swift in Sources */ = {isa = PBXBuildFile; fileRef = 9CE426F12A5D24A5001629DC /* NicknameViewController.swift */; };
		9CE426F42A5D38E4001629DC /* ChooseJobViewController.swift in Sources */ = {isa = PBXBuildFile; fileRef = 9CE426F32A5D38E3001629DC /* ChooseJobViewController.swift */; };
		9CE426F62A5EA04F001629DC /* NameCell.swift in Sources */ = {isa = PBXBuildFile; fileRef = 9CE426F52A5EA04F001629DC /* NameCell.swift */; };
		9CE426F82A5FD9CD001629DC /* ChooseRegionViewController.swift in Sources */ = {isa = PBXBuildFile; fileRef = 9CE426F72A5FD9CD001629DC /* ChooseRegionViewController.swift */; };
		9CE426FA2A5FE50F001629DC /* UITextField+Ext.swift in Sources */ = {isa = PBXBuildFile; fileRef = 9CE426F92A5FE50F001629DC /* UITextField+Ext.swift */; };
		9CFA7D052A458109003E80A7 /* AppDelegate.swift in Sources */ = {isa = PBXBuildFile; fileRef = 9CFA7D042A458109003E80A7 /* AppDelegate.swift */; };
		9CFA7D092A458109003E80A7 /* ScheduleStartViewController.swift in Sources */ = {isa = PBXBuildFile; fileRef = 9CFA7D082A458109003E80A7 /* ScheduleStartViewController.swift */; };
		9CFA7D0E2A45810B003E80A7 /* Assets.xcassets in Resources */ = {isa = PBXBuildFile; fileRef = 9CFA7D0D2A45810B003E80A7 /* Assets.xcassets */; };
		9CFA7D112A45810B003E80A7 /* LaunchScreen.storyboard in Resources */ = {isa = PBXBuildFile; fileRef = 9CFA7D0F2A45810B003E80A7 /* LaunchScreen.storyboard */; };
		9CFA7D1A2A458C91003E80A7 /* Font+Ext.swift in Sources */ = {isa = PBXBuildFile; fileRef = 9CFA7D192A458C91003E80A7 /* Font+Ext.swift */; };
		9CFA7D1C2A458CCC003E80A7 /* UIColor+Ext.swift in Sources */ = {isa = PBXBuildFile; fileRef = 9CFA7D1B2A458CCC003E80A7 /* UIColor+Ext.swift */; };
		9CFA7D222A4590F9003E80A7 /* ScheduleListViewController.swift in Sources */ = {isa = PBXBuildFile; fileRef = 9CFA7D212A4590F9003E80A7 /* ScheduleListViewController.swift */; };
		9CFA7D242A45915B003E80A7 /* NetworkingViewController.swift in Sources */ = {isa = PBXBuildFile; fileRef = 9CFA7D232A45915B003E80A7 /* NetworkingViewController.swift */; };
		9CFA7D262A4591AB003E80A7 /* ScheduleReportViewController.swift in Sources */ = {isa = PBXBuildFile; fileRef = 9CFA7D252A4591AB003E80A7 /* ScheduleReportViewController.swift */; };
/* End PBXBuildFile section */

/* Begin PBXFileReference section */
		12F1BF204BE4BB075C412C38 /* Pods-MOGAK.debug.xcconfig */ = {isa = PBXFileReference; includeInIndex = 1; lastKnownFileType = text.xcconfig; name = "Pods-MOGAK.debug.xcconfig"; path = "Target Support Files/Pods-MOGAK/Pods-MOGAK.debug.xcconfig"; sourceTree = "<group>"; };
		3A5C70052B46096077CFF257 /* Pods_MOGAK.framework */ = {isa = PBXFileReference; explicitFileType = wrapper.framework; includeInIndex = 0; path = Pods_MOGAK.framework; sourceTree = BUILT_PRODUCTS_DIR; };
		4D94392A2ACD347F00864336 /* ModalartMainViewController.swift */ = {isa = PBXFileReference; lastKnownFileType = sourcecode.swift; path = ModalartMainViewController.swift; sourceTree = "<group>"; };
		4D94392F2ACD54E000864336 /* MogakCell.swift */ = {isa = PBXFileReference; lastKnownFileType = sourcecode.swift; path = MogakCell.swift; sourceTree = "<group>"; };
		62E3F4A01A4552D231B9FED7 /* Pods-MOGAK.release.xcconfig */ = {isa = PBXFileReference; includeInIndex = 1; lastKnownFileType = text.xcconfig; name = "Pods-MOGAK.release.xcconfig"; path = "Target Support Files/Pods-MOGAK/Pods-MOGAK.release.xcconfig"; sourceTree = "<group>"; };
		652C05D92A73AB34004CE9C4 /* LocationFilterTableViewCell.swift */ = {isa = PBXFileReference; lastKnownFileType = sourcecode.swift; path = LocationFilterTableViewCell.swift; sourceTree = "<group>"; };
		652C05DB2A7404B4004CE9C4 /* Data.swift */ = {isa = PBXFileReference; lastKnownFileType = sourcecode.swift; path = Data.swift; sourceTree = "<group>"; };
		652C05DD2A740667004CE9C4 /* LocationFilterSheetView.swift */ = {isa = PBXFileReference; lastKnownFileType = sourcecode.swift; path = LocationFilterSheetView.swift; sourceTree = "<group>"; };
		6544766D2A94C8EF0050AE9E /* Networking_ServerResponseStruct.swift */ = {isa = PBXFileReference; lastKnownFileType = sourcecode.swift; path = Networking_ServerResponseStruct.swift; sourceTree = "<group>"; };
		6544766F2A950B480050AE9E /* FeedModel.swift */ = {isa = PBXFileReference; lastKnownFileType = sourcecode.swift; path = FeedModel.swift; sourceTree = "<group>"; };
		656A53DF2A74F06B00A527A1 /* CategoryFilterCollectionViewCell.swift */ = {isa = PBXFileReference; lastKnownFileType = sourcecode.swift; path = CategoryFilterCollectionViewCell.swift; sourceTree = "<group>"; };
		6574D3522A89417700F53A69 /* FeedDetailCommentTableViewCell.swift */ = {isa = PBXFileReference; lastKnownFileType = sourcecode.swift; path = FeedDetailCommentTableViewCell.swift; sourceTree = "<group>"; };
		6582BDE62A6A786200C87FDE /* NetworkingFeedTableViewCell.swift */ = {isa = PBXFileReference; lastKnownFileType = sourcecode.swift; path = NetworkingFeedTableViewCell.swift; sourceTree = "<group>"; };
		65B139322A9107920088452E /* ConfirmEdittingFeedSheetViewController.swift */ = {isa = PBXFileReference; lastKnownFileType = sourcecode.swift; path = ConfirmEdittingFeedSheetViewController.swift; sourceTree = "<group>"; };
		65B139342A9107CD0088452E /* ConfirmDeletingFeedSheetViewController.swift */ = {isa = PBXFileReference; lastKnownFileType = sourcecode.swift; path = ConfirmDeletingFeedSheetViewController.swift; sourceTree = "<group>"; };
		65C119EB2A7941FE0040DFFB /* CategoryFilterSheetView.swift */ = {isa = PBXFileReference; lastKnownFileType = sourcecode.swift; path = CategoryFilterSheetView.swift; sourceTree = "<group>"; };
		65F880E52A86AD35005543C9 /* FeedDetailViewController.swift */ = {isa = PBXFileReference; lastKnownFileType = sourcecode.swift; path = FeedDetailViewController.swift; sourceTree = "<group>"; };
		65F880E72A86B0C7005543C9 /* UIImage+Ext.swift */ = {isa = PBXFileReference; lastKnownFileType = sourcecode.swift; path = "UIImage+Ext.swift"; sourceTree = "<group>"; };
		6C3502352A6EC24E00080017 /* ScheduleTableViewCell.swift */ = {isa = PBXFileReference; lastKnownFileType = sourcecode.swift; path = ScheduleTableViewCell.swift; sourceTree = "<group>"; };
		6C4EE4E52A7AA15000DE0D5C /* SettingViewController.swift */ = {isa = PBXFileReference; lastKnownFileType = sourcecode.swift; path = SettingViewController.swift; sourceTree = "<group>"; };
		6C51FD9F2A7CC249005B1738 /* AlarmViewController.swift */ = {isa = PBXFileReference; lastKnownFileType = sourcecode.swift; path = AlarmViewController.swift; sourceTree = "<group>"; };
		6C7F95D62A928B6B00255ED1 /* PauseModalVC.swift */ = {isa = PBXFileReference; fileEncoding = 4; lastKnownFileType = sourcecode.swift; path = PauseModalVC.swift; sourceTree = "<group>"; };
		6C7F95D82A928B9100255ED1 /* ScheduleTimerVC.swift */ = {isa = PBXFileReference; fileEncoding = 4; lastKnownFileType = sourcecode.swift; path = ScheduleTimerVC.swift; sourceTree = "<group>"; };
		6C89F6BD2A82A61300E5B1FE /* CircularProgressView.swift */ = {isa = PBXFileReference; lastKnownFileType = sourcecode.swift; path = CircularProgressView.swift; sourceTree = "<group>"; };
		6CB3DEA82A7B7F850056C596 /* CancelModalVC.swift */ = {isa = PBXFileReference; lastKnownFileType = sourcecode.swift; path = CancelModalVC.swift; sourceTree = "<group>"; };
		6CC638BA2A922B21009BC333 /* RecordingViewController.swift */ = {isa = PBXFileReference; lastKnownFileType = sourcecode.swift; path = RecordingViewController.swift; sourceTree = "<group>"; };
		6CD4A8872A94F8EF00E7DEFD /* ScheduleStartStruct.swift */ = {isa = PBXFileReference; lastKnownFileType = sourcecode.swift; path = ScheduleStartStruct.swift; sourceTree = "<group>"; };
		6CFDCACC2A89491F00A7A73C /* CertificationModalVC.swift */ = {isa = PBXFileReference; lastKnownFileType = sourcecode.swift; path = CertificationModalVC.swift; sourceTree = "<group>"; };
		9C2EF7E42A63CE0600E8C8F4 /* ListTableViewCell.swift */ = {isa = PBXFileReference; lastKnownFileType = sourcecode.swift; path = ListTableViewCell.swift; sourceTree = "<group>"; };
		9C2EF7E82A6C2A7600E8C8F4 /* MogakInitViewController.swift */ = {isa = PBXFileReference; lastKnownFileType = sourcecode.swift; path = MogakInitViewController.swift; sourceTree = "<group>"; };
		9C2EF7EB2A6CF79700E8C8F4 /* CategoryCell.swift */ = {isa = PBXFileReference; lastKnownFileType = sourcecode.swift; path = CategoryCell.swift; sourceTree = "<group>"; };
		9C2EF7ED2A6CFB6000E8C8F4 /* LeftAlignedCollectionViewFlowLayout.swift */ = {isa = PBXFileReference; lastKnownFileType = sourcecode.swift; path = LeftAlignedCollectionViewFlowLayout.swift; sourceTree = "<group>"; };
		9C2EF7F12A6D1B1F00E8C8F4 /* RepeatViewCell.swift */ = {isa = PBXFileReference; lastKnownFileType = sourcecode.swift; path = RepeatViewCell.swift; sourceTree = "<group>"; };
		9C2EF7F32A74899600E8C8F4 /* DismissKeyboardView.swift */ = {isa = PBXFileReference; lastKnownFileType = sourcecode.swift; path = DismissKeyboardView.swift; sourceTree = "<group>"; };
		9C2EF7F52A76351D00E8C8F4 /* ScorllView+Ext.swift */ = {isa = PBXFileReference; lastKnownFileType = sourcecode.swift; path = "ScorllView+Ext.swift"; sourceTree = "<group>"; };
		9C2EF7F72A76901B00E8C8F4 /* TestViewController.swift */ = {isa = PBXFileReference; lastKnownFileType = sourcecode.swift; path = TestViewController.swift; sourceTree = "<group>"; };
		9C2EF7F92A7E050B00E8C8F4 /* UILabel+Ext.swift */ = {isa = PBXFileReference; lastKnownFileType = sourcecode.swift; path = "UILabel+Ext.swift"; sourceTree = "<group>"; };
		9C2EF7FB2A7F296C00E8C8F4 /* RegionCell.swift */ = {isa = PBXFileReference; lastKnownFileType = sourcecode.swift; path = RegionCell.swift; sourceTree = "<group>"; };
		9C2EF7FD2A7FA55B00E8C8F4 /* JogakDetailViewController.swift */ = {isa = PBXFileReference; lastKnownFileType = sourcecode.swift; path = JogakDetailViewController.swift; sourceTree = "<group>"; };
		9C2EF7FF2A7FAC9B00E8C8F4 /* JogakDetailCell.swift */ = {isa = PBXFileReference; lastKnownFileType = sourcecode.swift; path = JogakDetailCell.swift; sourceTree = "<group>"; };
		9C2EF8012A812F2500E8C8F4 /* MyPageViewController.swift */ = {isa = PBXFileReference; lastKnownFileType = sourcecode.swift; path = MyPageViewController.swift; sourceTree = "<group>"; };
		9C2EF8032A8285C100E8C8F4 /* FriendsListViewController.swift */ = {isa = PBXFileReference; lastKnownFileType = sourcecode.swift; path = FriendsListViewController.swift; sourceTree = "<group>"; };
		9C2EF8052A8289D100E8C8F4 /* FollowingCell.swift */ = {isa = PBXFileReference; lastKnownFileType = sourcecode.swift; path = FollowingCell.swift; sourceTree = "<group>"; };
		9C2EF8072A83D9E700E8C8F4 /* MyPageEditViewController.swift */ = {isa = PBXFileReference; lastKnownFileType = sourcecode.swift; path = MyPageEditViewController.swift; sourceTree = "<group>"; };
		9C2EF8092A86624400E8C8F4 /* FriendDetailPageViewController.swift */ = {isa = PBXFileReference; lastKnownFileType = sourcecode.swift; path = FriendDetailPageViewController.swift; sourceTree = "<group>"; };
		9C5236A32A99CDD8005A76FD /* DesignSystem.swift */ = {isa = PBXFileReference; lastKnownFileType = sourcecode.swift; path = DesignSystem.swift; sourceTree = "<group>"; };
		9C638AAD2A46C6AA002AB791 /* NetworkManager.swift */ = {isa = PBXFileReference; lastKnownFileType = sourcecode.swift; path = NetworkManager.swift; sourceTree = "<group>"; };
		9C638AAF2A46DC75002AB791 /* KeyChainService.swift */ = {isa = PBXFileReference; lastKnownFileType = sourcecode.swift; path = KeyChainService.swift; sourceTree = "<group>"; };
		9C638ABB2A46E6CD002AB791 /* WebLink.swift */ = {isa = PBXFileReference; lastKnownFileType = sourcecode.swift; path = WebLink.swift; sourceTree = "<group>"; };
		9C82D4492A95159800CBC1C3 /* MogakModels.swift */ = {isa = PBXFileReference; lastKnownFileType = sourcecode.swift; path = MogakModels.swift; sourceTree = "<group>"; };
		9CC1AE812A4718B000B484DD /* MOGAK.entitlements */ = {isa = PBXFileReference; lastKnownFileType = text.plist.entitlements; path = MOGAK.entitlements; sourceTree = "<group>"; };
		9CCB39CF2A8B39BE00968CDB /* Utils.swift */ = {isa = PBXFileReference; lastKnownFileType = sourcecode.swift; path = Utils.swift; sourceTree = "<group>"; };
		9CCB39D22A8FDA3C00968CDB /* RegisterUserInfo.swift */ = {isa = PBXFileReference; lastKnownFileType = sourcecode.swift; path = RegisterUserInfo.swift; sourceTree = "<group>"; };
		9CCB39D42A9062E600968CDB /* String+Ext.swift */ = {isa = PBXFileReference; lastKnownFileType = sourcecode.swift; path = "String+Ext.swift"; sourceTree = "<group>"; };
		9CCB39D62A91186200968CDB /* ApiManager.swift */ = {isa = PBXFileReference; lastKnownFileType = sourcecode.swift; path = ApiManager.swift; sourceTree = "<group>"; };
		9CCB39D82A9118CC00968CDB /* ApiConstants.swift */ = {isa = PBXFileReference; lastKnownFileType = sourcecode.swift; path = ApiConstants.swift; sourceTree = "<group>"; };
		9CCB39DA2A911F8B00968CDB /* ValidateNicknameModel.swift */ = {isa = PBXFileReference; lastKnownFileType = sourcecode.swift; path = ValidateNicknameModel.swift; sourceTree = "<group>"; };
		9CCB39DC2A92677100968CDB /* JoinModel.swift */ = {isa = PBXFileReference; lastKnownFileType = sourcecode.swift; path = JoinModel.swift; sourceTree = "<group>"; };
		9CE426A92A594049001629DC /* Pretendard-Bold.otf */ = {isa = PBXFileReference; lastKnownFileType = file; path = "Pretendard-Bold.otf"; sourceTree = "<group>"; };
		9CE426AA2A594049001629DC /* Pretendard-ExtraLight.otf */ = {isa = PBXFileReference; lastKnownFileType = file; path = "Pretendard-ExtraLight.otf"; sourceTree = "<group>"; };
		9CE426AB2A59404A001629DC /* Pretendard-Light.otf */ = {isa = PBXFileReference; lastKnownFileType = file; path = "Pretendard-Light.otf"; sourceTree = "<group>"; };
		9CE426AC2A59404A001629DC /* Pretendard-Medium.otf */ = {isa = PBXFileReference; lastKnownFileType = file; path = "Pretendard-Medium.otf"; sourceTree = "<group>"; };
		9CE426AD2A59404A001629DC /* Pretendard-Black.otf */ = {isa = PBXFileReference; lastKnownFileType = file; path = "Pretendard-Black.otf"; sourceTree = "<group>"; };
		9CE426AE2A59404A001629DC /* Pretendard-SemiBold.otf */ = {isa = PBXFileReference; lastKnownFileType = file; path = "Pretendard-SemiBold.otf"; sourceTree = "<group>"; };
		9CE426B52A594062001629DC /* Pretendard-ExtraBold.otf */ = {isa = PBXFileReference; lastKnownFileType = file; path = "Pretendard-ExtraBold.otf"; sourceTree = "<group>"; };
		9CE426B62A594062001629DC /* Pretendard-Regular.otf */ = {isa = PBXFileReference; lastKnownFileType = file; path = "Pretendard-Regular.otf"; sourceTree = "<group>"; };
		9CE426B72A594062001629DC /* Pretendard-Thin.otf */ = {isa = PBXFileReference; lastKnownFileType = file; path = "Pretendard-Thin.otf"; sourceTree = "<group>"; };
		9CE426C22A594C47001629DC /* LoginViewController.swift */ = {isa = PBXFileReference; lastKnownFileType = sourcecode.swift; path = LoginViewController.swift; sourceTree = "<group>"; };
		9CE426C42A59573F001629DC /* UserDefaults+Ext.swift */ = {isa = PBXFileReference; lastKnownFileType = sourcecode.swift; path = "UserDefaults+Ext.swift"; sourceTree = "<group>"; };
		9CE426D92A59C559001629DC /* AppGuideViewController.swift */ = {isa = PBXFileReference; lastKnownFileType = sourcecode.swift; path = AppGuideViewController.swift; sourceTree = "<group>"; };
		9CE426E42A5A3976001629DC /* OnBoardingFirstViewController.swift */ = {isa = PBXFileReference; lastKnownFileType = sourcecode.swift; path = OnBoardingFirstViewController.swift; sourceTree = "<group>"; };
		9CE426E62A5A3A4F001629DC /* OnBoardingSecondViewController.swift */ = {isa = PBXFileReference; lastKnownFileType = sourcecode.swift; path = OnBoardingSecondViewController.swift; sourceTree = "<group>"; };
		9CE426E82A5A3A58001629DC /* OnBoardingThirdViewController.swift */ = {isa = PBXFileReference; lastKnownFileType = sourcecode.swift; path = OnBoardingThirdViewController.swift; sourceTree = "<group>"; };
		9CE426EF2A5AD705001629DC /* TermsAgreeViewController.swift */ = {isa = PBXFileReference; lastKnownFileType = sourcecode.swift; path = TermsAgreeViewController.swift; sourceTree = "<group>"; };
		9CE426F12A5D24A5001629DC /* NicknameViewController.swift */ = {isa = PBXFileReference; lastKnownFileType = sourcecode.swift; path = NicknameViewController.swift; sourceTree = "<group>"; };
		9CE426F32A5D38E3001629DC /* ChooseJobViewController.swift */ = {isa = PBXFileReference; lastKnownFileType = sourcecode.swift; path = ChooseJobViewController.swift; sourceTree = "<group>"; };
		9CE426F52A5EA04F001629DC /* NameCell.swift */ = {isa = PBXFileReference; lastKnownFileType = sourcecode.swift; path = NameCell.swift; sourceTree = "<group>"; };
		9CE426F72A5FD9CD001629DC /* ChooseRegionViewController.swift */ = {isa = PBXFileReference; lastKnownFileType = sourcecode.swift; path = ChooseRegionViewController.swift; sourceTree = "<group>"; };
		9CE426F92A5FE50F001629DC /* UITextField+Ext.swift */ = {isa = PBXFileReference; lastKnownFileType = sourcecode.swift; path = "UITextField+Ext.swift"; sourceTree = "<group>"; };
		9CFA7D012A458109003E80A7 /* MOGAK.app */ = {isa = PBXFileReference; explicitFileType = wrapper.application; includeInIndex = 0; path = MOGAK.app; sourceTree = BUILT_PRODUCTS_DIR; };
		9CFA7D042A458109003E80A7 /* AppDelegate.swift */ = {isa = PBXFileReference; lastKnownFileType = sourcecode.swift; path = AppDelegate.swift; sourceTree = "<group>"; };
		9CFA7D062A458109003E80A7 /* SceneDelegate.swift */ = {isa = PBXFileReference; lastKnownFileType = sourcecode.swift; path = SceneDelegate.swift; sourceTree = "<group>"; };
		9CFA7D082A458109003E80A7 /* ScheduleStartViewController.swift */ = {isa = PBXFileReference; lastKnownFileType = sourcecode.swift; path = ScheduleStartViewController.swift; sourceTree = "<group>"; };
		9CFA7D0D2A45810B003E80A7 /* Assets.xcassets */ = {isa = PBXFileReference; lastKnownFileType = folder.assetcatalog; path = Assets.xcassets; sourceTree = "<group>"; };
		9CFA7D102A45810B003E80A7 /* Base */ = {isa = PBXFileReference; lastKnownFileType = file.storyboard; name = Base; path = Base.lproj/LaunchScreen.storyboard; sourceTree = "<group>"; };
		9CFA7D122A45810B003E80A7 /* Info.plist */ = {isa = PBXFileReference; lastKnownFileType = text.plist.xml; path = Info.plist; sourceTree = "<group>"; };
		9CFA7D192A458C91003E80A7 /* Font+Ext.swift */ = {isa = PBXFileReference; lastKnownFileType = sourcecode.swift; path = "Font+Ext.swift"; sourceTree = "<group>"; };
		9CFA7D1B2A458CCC003E80A7 /* UIColor+Ext.swift */ = {isa = PBXFileReference; lastKnownFileType = sourcecode.swift; path = "UIColor+Ext.swift"; sourceTree = "<group>"; };
		9CFA7D1F2A458E89003E80A7 /* TabBarViewController.swift */ = {isa = PBXFileReference; lastKnownFileType = sourcecode.swift; path = TabBarViewController.swift; sourceTree = "<group>"; };
		9CFA7D212A4590F9003E80A7 /* ScheduleListViewController.swift */ = {isa = PBXFileReference; lastKnownFileType = sourcecode.swift; path = ScheduleListViewController.swift; sourceTree = "<group>"; };
		9CFA7D232A45915B003E80A7 /* NetworkingViewController.swift */ = {isa = PBXFileReference; lastKnownFileType = sourcecode.swift; path = NetworkingViewController.swift; sourceTree = "<group>"; };
		9CFA7D252A4591AB003E80A7 /* ScheduleReportViewController.swift */ = {isa = PBXFileReference; lastKnownFileType = sourcecode.swift; path = ScheduleReportViewController.swift; sourceTree = "<group>"; };
/* End PBXFileReference section */

/* Begin PBXFrameworksBuildPhase section */
		9CFA7CFE2A458109003E80A7 /* Frameworks */ = {
			isa = PBXFrameworksBuildPhase;
			buildActionMask = 2147483647;
			files = (
				0E16A07A5135254924AA7BBC /* Pods_MOGAK.framework in Frameworks */,
			);
			runOnlyForDeploymentPostprocessing = 0;
		};
/* End PBXFrameworksBuildPhase section */

/* Begin PBXGroup section */
		49735387F313C5F5C869DD30 /* Frameworks */ = {
			isa = PBXGroup;
			children = (
				3A5C70052B46096077CFF257 /* Pods_MOGAK.framework */,
			);
			name = Frameworks;
			sourceTree = "<group>";
		};
		4D9439292ACD337B00864336 /* Modalart */ = {
			isa = PBXGroup;
			children = (
				4D94392C2ACD3AD600864336 /* Cell */,
				4D94392A2ACD347F00864336 /* ModalartMainViewController.swift */,
			);
			path = Modalart;
			sourceTree = "<group>";
		};
		4D94392C2ACD3AD600864336 /* Cell */ = {
			isa = PBXGroup;
			children = (
				4D94392F2ACD54E000864336 /* MogakCell.swift */,
			);
			path = Cell;
			sourceTree = "<group>";
		};
		6574D3542A89418100F53A69 /* FeedDetail */ = {
			isa = PBXGroup;
			children = (
				65F880E52A86AD35005543C9 /* FeedDetailViewController.swift */,
				6574D3522A89417700F53A69 /* FeedDetailCommentTableViewCell.swift */,
				65B139322A9107920088452E /* ConfirmEdittingFeedSheetViewController.swift */,
				65B139342A9107CD0088452E /* ConfirmDeletingFeedSheetViewController.swift */,
			);
			path = FeedDetail;
			sourceTree = "<group>";
		};
		65C119ED2A7A76320040DFFB /* LocationFilter */ = {
			isa = PBXGroup;
			children = (
				652C05D92A73AB34004CE9C4 /* LocationFilterTableViewCell.swift */,
				652C05DD2A740667004CE9C4 /* LocationFilterSheetView.swift */,
			);
			path = LocationFilter;
			sourceTree = "<group>";
		};
		65C119EE2A7A76530040DFFB /* CategoryFilter */ = {
			isa = PBXGroup;
			children = (
				656A53DF2A74F06B00A527A1 /* CategoryFilterCollectionViewCell.swift */,
				65C119EB2A7941FE0040DFFB /* CategoryFilterSheetView.swift */,
			);
			path = CategoryFilter;
			sourceTree = "<group>";
		};
		6A1C03A268A96BF0F17C707F /* Pods */ = {
			isa = PBXGroup;
			children = (
				12F1BF204BE4BB075C412C38 /* Pods-MOGAK.debug.xcconfig */,
				62E3F4A01A4552D231B9FED7 /* Pods-MOGAK.release.xcconfig */,
			);
			path = Pods;
			sourceTree = "<group>";
		};
		6C33C0A02A8699F300A56D46 /* TimerView */ = {
			isa = PBXGroup;
			children = (
				6C7F95D82A928B9100255ED1 /* ScheduleTimerVC.swift */,
				6C89F6BD2A82A61300E5B1FE /* CircularProgressView.swift */,
			);
			path = TimerView;
			sourceTree = "<group>";
		};
		6C33C0A12A874D6200A56D46 /* ViewControllers */ = {
			isa = PBXGroup;
			children = (
				9CFA7D082A458109003E80A7 /* ScheduleStartViewController.swift */,
				6C3502352A6EC24E00080017 /* ScheduleTableViewCell.swift */,
				6C4EE4E52A7AA15000DE0D5C /* SettingViewController.swift */,
				6C51FD9F2A7CC249005B1738 /* AlarmViewController.swift */,
				6CC638BA2A922B21009BC333 /* RecordingViewController.swift */,
			);
			path = ViewControllers;
			sourceTree = "<group>";
		};
		6CD4A8892A94F9B600E7DEFD /* ScheduleStart_Model */ = {
			isa = PBXGroup;
			children = (
				6CD4A8872A94F8EF00E7DEFD /* ScheduleStartStruct.swift */,
			);
			path = ScheduleStart_Model;
			sourceTree = "<group>";
		};
		6CFDCACE2A89492700A7A73C /* Modal */ = {
			isa = PBXGroup;
			children = (
				6CB3DEA82A7B7F850056C596 /* CancelModalVC.swift */,
				6C7F95D62A928B6B00255ED1 /* PauseModalVC.swift */,
				6CFDCACC2A89491F00A7A73C /* CertificationModalVC.swift */,
			);
			path = Modal;
			sourceTree = "<group>";
		};
		9C2EF7EA2A6CF76A00E8C8F4 /* Category */ = {
			isa = PBXGroup;
			children = (
				9C2EF7EB2A6CF79700E8C8F4 /* CategoryCell.swift */,
			);
			path = Category;
			sourceTree = "<group>";
		};
		9C2EF7EF2A6D1AE900E8C8F4 /* Common */ = {
			isa = PBXGroup;
			children = (
				9C2EF7ED2A6CFB6000E8C8F4 /* LeftAlignedCollectionViewFlowLayout.swift */,
			);
			path = Common;
			sourceTree = "<group>";
		};
		9C2EF7F02A6D1AF500E8C8F4 /* Repeat */ = {
			isa = PBXGroup;
			children = (
				9C2EF7F12A6D1B1F00E8C8F4 /* RepeatViewCell.swift */,
			);
			path = Repeat;
			sourceTree = "<group>";
		};
		9C5236A22A99CDC5005A76FD /* DesignSystem */ = {
			isa = PBXGroup;
			children = (
				9C5236A32A99CDD8005A76FD /* DesignSystem.swift */,
			);
			path = DesignSystem;
			sourceTree = "<group>";
		};
		9C638AA82A46C5E9002AB791 /* ScheduleStart */ = {
			isa = PBXGroup;
			children = (
				6CD4A8892A94F9B600E7DEFD /* ScheduleStart_Model */,
				6CFDCACE2A89492700A7A73C /* Modal */,
				6C33C0A12A874D6200A56D46 /* ViewControllers */,
				6C33C0A02A8699F300A56D46 /* TimerView */,
			);
			path = ScheduleStart;
			sourceTree = "<group>";
		};
		9C638AA92A46C609002AB791 /* ScheduleList */ = {
			isa = PBXGroup;
			children = (
				9C2EF7F02A6D1AF500E8C8F4 /* Repeat */,
				9C2EF7EF2A6D1AE900E8C8F4 /* Common */,
				9C2EF7EA2A6CF76A00E8C8F4 /* Category */,
				9CFA7D212A4590F9003E80A7 /* ScheduleListViewController.swift */,
				9C2EF7E42A63CE0600E8C8F4 /* ListTableViewCell.swift */,
				9C2EF7E82A6C2A7600E8C8F4 /* MogakInitViewController.swift */,
				9C2EF7F72A76901B00E8C8F4 /* TestViewController.swift */,
				9C2EF7FD2A7FA55B00E8C8F4 /* JogakDetailViewController.swift */,
				9C2EF7FF2A7FAC9B00E8C8F4 /* JogakDetailCell.swift */,
				9C2EF8012A812F2500E8C8F4 /* MyPageViewController.swift */,
				9C2EF8032A8285C100E8C8F4 /* FriendsListViewController.swift */,
				9C2EF8052A8289D100E8C8F4 /* FollowingCell.swift */,
				9C2EF8072A83D9E700E8C8F4 /* MyPageEditViewController.swift */,
				9C2EF8092A86624400E8C8F4 /* FriendDetailPageViewController.swift */,
			);
			path = ScheduleList;
			sourceTree = "<group>";
		};
		9C638AAA2A46C614002AB791 /* Networking */ = {
			isa = PBXGroup;
			children = (
				9CFA7D232A45915B003E80A7 /* NetworkingViewController.swift */,
				6582BDE62A6A786200C87FDE /* NetworkingFeedTableViewCell.swift */,
				6544766D2A94C8EF0050AE9E /* Networking_ServerResponseStruct.swift */,
				6544766F2A950B480050AE9E /* FeedModel.swift */,
				6574D3542A89418100F53A69 /* FeedDetail */,
				65C119ED2A7A76320040DFFB /* LocationFilter */,
				65C119EE2A7A76530040DFFB /* CategoryFilter */,
				652C05DB2A7404B4004CE9C4 /* Data.swift */,
			);
			path = Networking;
			sourceTree = "<group>";
		};
		9C638AAB2A46C623002AB791 /* ScheduleReport */ = {
			isa = PBXGroup;
			children = (
				9CFA7D252A4591AB003E80A7 /* ScheduleReportViewController.swift */,
			);
			path = ScheduleReport;
			sourceTree = "<group>";
		};
		9C638AB32A46E5F7002AB791 /* Domain */ = {
			isa = PBXGroup;
			children = (
				9C638ABB2A46E6CD002AB791 /* WebLink.swift */,
			);
			path = Domain;
			sourceTree = "<group>";
		};
		9C638ABD2A46E7C2002AB791 /* Resources */ = {
			isa = PBXGroup;
			children = (
				9C638ABE2A46E7C8002AB791 /* Fonts */,
			);
			path = Resources;
			sourceTree = "<group>";
		};
		9C638ABE2A46E7C8002AB791 /* Fonts */ = {
			isa = PBXGroup;
			children = (
				9CE426A82A59400D001629DC /* Pretendard */,
			);
			path = Fonts;
			sourceTree = "<group>";
		};
		9CCB39D12A8FDA2000968CDB /* Models */ = {
			isa = PBXGroup;
			children = (
				9CCB39D22A8FDA3C00968CDB /* RegisterUserInfo.swift */,
				9CCB39DA2A911F8B00968CDB /* ValidateNicknameModel.swift */,
				9CCB39DC2A92677100968CDB /* JoinModel.swift */,
				9C82D4492A95159800CBC1C3 /* MogakModels.swift */,
			);
			path = Models;
			sourceTree = "<group>";
		};
		9CE426A32A5932F1001629DC /* Onboarding */ = {
			isa = PBXGroup;
			children = (
				9CE426D92A59C559001629DC /* AppGuideViewController.swift */,
				9CE426E42A5A3976001629DC /* OnBoardingFirstViewController.swift */,
				9CE426E62A5A3A4F001629DC /* OnBoardingSecondViewController.swift */,
				9CE426E82A5A3A58001629DC /* OnBoardingThirdViewController.swift */,
			);
			path = Onboarding;
			sourceTree = "<group>";
		};
		9CE426A82A59400D001629DC /* Pretendard */ = {
			isa = PBXGroup;
			children = (
				9CE426B52A594062001629DC /* Pretendard-ExtraBold.otf */,
				9CE426B62A594062001629DC /* Pretendard-Regular.otf */,
				9CE426B72A594062001629DC /* Pretendard-Thin.otf */,
				9CE426AD2A59404A001629DC /* Pretendard-Black.otf */,
				9CE426A92A594049001629DC /* Pretendard-Bold.otf */,
				9CE426AA2A594049001629DC /* Pretendard-ExtraLight.otf */,
				9CE426AB2A59404A001629DC /* Pretendard-Light.otf */,
				9CE426AC2A59404A001629DC /* Pretendard-Medium.otf */,
				9CE426AE2A59404A001629DC /* Pretendard-SemiBold.otf */,
			);
			path = Pretendard;
			sourceTree = "<group>";
		};
		9CE426C12A594C2C001629DC /* Login */ = {
			isa = PBXGroup;
			children = (
				9CE426C22A594C47001629DC /* LoginViewController.swift */,
				9CE426EF2A5AD705001629DC /* TermsAgreeViewController.swift */,
				9CE426F12A5D24A5001629DC /* NicknameViewController.swift */,
				9CE426F32A5D38E3001629DC /* ChooseJobViewController.swift */,
				9CE426F72A5FD9CD001629DC /* ChooseRegionViewController.swift */,
				9CE426F52A5EA04F001629DC /* NameCell.swift */,
				9C2EF7FB2A7F296C00E8C8F4 /* RegionCell.swift */,
			);
			path = Login;
			sourceTree = "<group>";
		};
		9CE426EA2A5AA98E001629DC /* API */ = {
			isa = PBXGroup;
			children = (
				9CCB39D62A91186200968CDB /* ApiManager.swift */,
				9CCB39D82A9118CC00968CDB /* ApiConstants.swift */,
			);
			path = API;
			sourceTree = "<group>";
		};
		9CFA7CF82A458109003E80A7 = {
			isa = PBXGroup;
			children = (
				9CFA7D032A458109003E80A7 /* MOGAK */,
				9CFA7D022A458109003E80A7 /* Products */,
				6A1C03A268A96BF0F17C707F /* Pods */,
				49735387F313C5F5C869DD30 /* Frameworks */,
			);
			sourceTree = "<group>";
		};
		9CFA7D022A458109003E80A7 /* Products */ = {
			isa = PBXGroup;
			children = (
				9CFA7D012A458109003E80A7 /* MOGAK.app */,
			);
			name = Products;
			sourceTree = "<group>";
		};
		9CFA7D032A458109003E80A7 /* MOGAK */ = {
			isa = PBXGroup;
			children = (
				9C5236A22A99CDC5005A76FD /* DesignSystem */,
				9CCB39D12A8FDA2000968CDB /* Models */,
				9CE426EA2A5AA98E001629DC /* API */,
				9CC1AE812A4718B000B484DD /* MOGAK.entitlements */,
				9CFA7D042A458109003E80A7 /* AppDelegate.swift */,
				9CFA7D062A458109003E80A7 /* SceneDelegate.swift */,
				9C638ABD2A46E7C2002AB791 /* Resources */,
				9C638AB32A46E5F7002AB791 /* Domain */,
				9CFA7D1E2A458D60003E80A7 /* Service */,
				9CFA7D1D2A458D25003E80A7 /* Scene */,
				9CFA7D182A458C6E003E80A7 /* Extension */,
				9CFA7D0D2A45810B003E80A7 /* Assets.xcassets */,
				9CFA7D0F2A45810B003E80A7 /* LaunchScreen.storyboard */,
				9CFA7D122A45810B003E80A7 /* Info.plist */,
			);
			path = MOGAK;
			sourceTree = "<group>";
		};
		9CFA7D182A458C6E003E80A7 /* Extension */ = {
			isa = PBXGroup;
			children = (
				9CFA7D192A458C91003E80A7 /* Font+Ext.swift */,
				9CFA7D1B2A458CCC003E80A7 /* UIColor+Ext.swift */,
				9CE426C42A59573F001629DC /* UserDefaults+Ext.swift */,
				9CE426F92A5FE50F001629DC /* UITextField+Ext.swift */,
				9C2EF7F32A74899600E8C8F4 /* DismissKeyboardView.swift */,
				9C2EF7F52A76351D00E8C8F4 /* ScorllView+Ext.swift */,
				9C2EF7F92A7E050B00E8C8F4 /* UILabel+Ext.swift */,
				9CCB39D42A9062E600968CDB /* String+Ext.swift */,
				65F880E72A86B0C7005543C9 /* UIImage+Ext.swift */,
			);
			path = Extension;
			sourceTree = "<group>";
		};
		9CFA7D1D2A458D25003E80A7 /* Scene */ = {
			isa = PBXGroup;
			children = (
				9CE426C12A594C2C001629DC /* Login */,
				9CE426A32A5932F1001629DC /* Onboarding */,
				9C638AA82A46C5E9002AB791 /* ScheduleStart */,
				9CFA7D1F2A458E89003E80A7 /* TabBarViewController.swift */,
				9C638AA92A46C609002AB791 /* ScheduleList */,
				9C638AAA2A46C614002AB791 /* Networking */,
				4D9439292ACD337B00864336 /* Modalart */,
				9C638AAB2A46C623002AB791 /* ScheduleReport */,
			);
			path = Scene;
			sourceTree = "<group>";
		};
		9CFA7D1E2A458D60003E80A7 /* Service */ = {
			isa = PBXGroup;
			children = (
				9C638AAD2A46C6AA002AB791 /* NetworkManager.swift */,
				9C638AAF2A46DC75002AB791 /* KeyChainService.swift */,
				9CCB39CF2A8B39BE00968CDB /* Utils.swift */,
			);
			path = Service;
			sourceTree = "<group>";
		};
/* End PBXGroup section */

/* Begin PBXNativeTarget section */
		9CFA7D002A458109003E80A7 /* MOGAK */ = {
			isa = PBXNativeTarget;
			buildConfigurationList = 9CFA7D152A45810B003E80A7 /* Build configuration list for PBXNativeTarget "MOGAK" */;
			buildPhases = (
				7E0C6F19E1CB4E86B00E9317 /* [CP] Check Pods Manifest.lock */,
				9CFA7CFD2A458109003E80A7 /* Sources */,
				9CFA7CFE2A458109003E80A7 /* Frameworks */,
				9CFA7CFF2A458109003E80A7 /* Resources */,
				44B2569C74CF95D4F7E71FBA /* [CP] Embed Pods Frameworks */,
			);
			buildRules = (
			);
			dependencies = (
			);
			name = MOGAK;
			productName = MOGAK;
			productReference = 9CFA7D012A458109003E80A7 /* MOGAK.app */;
			productType = "com.apple.product-type.application";
		};
/* End PBXNativeTarget section */

/* Begin PBXProject section */
		9CFA7CF92A458109003E80A7 /* Project object */ = {
			isa = PBXProject;
			attributes = {
				BuildIndependentTargetsInParallel = 1;
				LastSwiftUpdateCheck = 1410;
				LastUpgradeCheck = 1410;
				TargetAttributes = {
					9CFA7D002A458109003E80A7 = {
						CreatedOnToolsVersion = 14.1;
					};
				};
			};
			buildConfigurationList = 9CFA7CFC2A458109003E80A7 /* Build configuration list for PBXProject "MOGAK" */;
			compatibilityVersion = "Xcode 14.0";
			developmentRegion = en;
			hasScannedForEncodings = 0;
			knownRegions = (
				en,
				Base,
			);
			mainGroup = 9CFA7CF82A458109003E80A7;
			productRefGroup = 9CFA7D022A458109003E80A7 /* Products */;
			projectDirPath = "";
			projectRoot = "";
			targets = (
				9CFA7D002A458109003E80A7 /* MOGAK */,
			);
		};
/* End PBXProject section */

/* Begin PBXResourcesBuildPhase section */
		9CFA7CFF2A458109003E80A7 /* Resources */ = {
			isa = PBXResourcesBuildPhase;
			buildActionMask = 2147483647;
			files = (
				9CFA7D112A45810B003E80A7 /* LaunchScreen.storyboard in Resources */,
				9CE426AF2A59404A001629DC /* Pretendard-Bold.otf in Resources */,
				9CE426B82A594062001629DC /* Pretendard-ExtraBold.otf in Resources */,
				9CE426B02A59404A001629DC /* Pretendard-ExtraLight.otf in Resources */,
				9CE426B42A59404A001629DC /* Pretendard-SemiBold.otf in Resources */,
				9CE426B12A59404A001629DC /* Pretendard-Light.otf in Resources */,
				9CFA7D0E2A45810B003E80A7 /* Assets.xcassets in Resources */,
				9CE426B92A594062001629DC /* Pretendard-Regular.otf in Resources */,
				9CE426B32A59404A001629DC /* Pretendard-Black.otf in Resources */,
				9CE426BA2A594062001629DC /* Pretendard-Thin.otf in Resources */,
				9CE426B22A59404A001629DC /* Pretendard-Medium.otf in Resources */,
			);
			runOnlyForDeploymentPostprocessing = 0;
		};
/* End PBXResourcesBuildPhase section */

/* Begin PBXShellScriptBuildPhase section */
		44B2569C74CF95D4F7E71FBA /* [CP] Embed Pods Frameworks */ = {
			isa = PBXShellScriptBuildPhase;
			buildActionMask = 2147483647;
			files = (
			);
			inputFileListPaths = (
				"${PODS_ROOT}/Target Support Files/Pods-MOGAK/Pods-MOGAK-frameworks-${CONFIGURATION}-input-files.xcfilelist",
			);
			name = "[CP] Embed Pods Frameworks";
			outputFileListPaths = (
				"${PODS_ROOT}/Target Support Files/Pods-MOGAK/Pods-MOGAK-frameworks-${CONFIGURATION}-output-files.xcfilelist",
			);
			runOnlyForDeploymentPostprocessing = 0;
			shellPath = /bin/sh;
			shellScript = "\"${PODS_ROOT}/Target Support Files/Pods-MOGAK/Pods-MOGAK-frameworks.sh\"\n";
			showEnvVarsInLog = 0;
		};
		7E0C6F19E1CB4E86B00E9317 /* [CP] Check Pods Manifest.lock */ = {
			isa = PBXShellScriptBuildPhase;
			buildActionMask = 2147483647;
			files = (
			);
			inputFileListPaths = (
			);
			inputPaths = (
				"${PODS_PODFILE_DIR_PATH}/Podfile.lock",
				"${PODS_ROOT}/Manifest.lock",
			);
			name = "[CP] Check Pods Manifest.lock";
			outputFileListPaths = (
			);
			outputPaths = (
				"$(DERIVED_FILE_DIR)/Pods-MOGAK-checkManifestLockResult.txt",
			);
			runOnlyForDeploymentPostprocessing = 0;
			shellPath = /bin/sh;
			shellScript = "diff \"${PODS_PODFILE_DIR_PATH}/Podfile.lock\" \"${PODS_ROOT}/Manifest.lock\" > /dev/null\nif [ $? != 0 ] ; then\n    # print error to STDERR\n    echo \"error: The sandbox is not in sync with the Podfile.lock. Run 'pod install' or update your CocoaPods installation.\" >&2\n    exit 1\nfi\n# This output is used by Xcode 'outputs' to avoid re-running this script phase.\necho \"SUCCESS\" > \"${SCRIPT_OUTPUT_FILE_0}\"\n";
			showEnvVarsInLog = 0;
		};
/* End PBXShellScriptBuildPhase section */

/* Begin PBXSourcesBuildPhase section */
		9CFA7CFD2A458109003E80A7 /* Sources */ = {
			isa = PBXSourcesBuildPhase;
			buildActionMask = 2147483647;
			files = (
				9CFA7D1A2A458C91003E80A7 /* Font+Ext.swift in Sources */,
				9C2EF8082A83D9E700E8C8F4 /* MyPageEditViewController.swift in Sources */,
				9CE426E52A5A3976001629DC /* OnBoardingFirstViewController.swift in Sources */,
				9C638AB02A46DC75002AB791 /* KeyChainService.swift in Sources */,
				6CB3DEA92A7B7F850056C596 /* CancelModalVC.swift in Sources */,
				6C51FDA02A7CC249005B1738 /* AlarmViewController.swift in Sources */,
				9CE426F42A5D38E4001629DC /* ChooseJobViewController.swift in Sources */,
				9CFA7D222A4590F9003E80A7 /* ScheduleListViewController.swift in Sources */,
				65B139352A9107CD0088452E /* ConfirmDeletingFeedSheetViewController.swift in Sources */,
				9CE426FA2A5FE50F001629DC /* UITextField+Ext.swift in Sources */,
				9C5236A42A99CDD8005A76FD /* DesignSystem.swift in Sources */,
				6CD4A8882A94F8EF00E7DEFD /* ScheduleStartStruct.swift in Sources */,
				6C7F95D72A928B6B00255ED1 /* PauseModalVC.swift in Sources */,
				9C2EF7F82A76901B00E8C8F4 /* TestViewController.swift in Sources */,
				9CFA7D092A458109003E80A7 /* ScheduleStartViewController.swift in Sources */,
				65F880E82A86B0C7005543C9 /* UIImage+Ext.swift in Sources */,
				652C05DE2A740667004CE9C4 /* LocationFilterSheetView.swift in Sources */,
				9C2EF8022A812F2500E8C8F4 /* MyPageViewController.swift in Sources */,
				9CFA7D1C2A458CCC003E80A7 /* UIColor+Ext.swift in Sources */,
				9C2EF80A2A86624400E8C8F4 /* FriendDetailPageViewController.swift in Sources */,
				9CCB39D92A9118CC00968CDB /* ApiConstants.swift in Sources */,
				9C2EF7FE2A7FA55B00E8C8F4 /* JogakDetailViewController.swift in Sources */,
				9CE426C52A59573F001629DC /* UserDefaults+Ext.swift in Sources */,
				652C05DC2A7404B4004CE9C4 /* Data.swift in Sources */,
				9CFA7D262A4591AB003E80A7 /* ScheduleReportViewController.swift in Sources */,
				9C2EF7E92A6C2A7600E8C8F4 /* MogakInitViewController.swift in Sources */,
				9C2EF7FC2A7F296C00E8C8F4 /* RegionCell.swift in Sources */,
				9C2EF7EC2A6CF79700E8C8F4 /* CategoryCell.swift in Sources */,
				65F880E62A86AD35005543C9 /* FeedDetailViewController.swift in Sources */,
				9CE426C32A594C47001629DC /* LoginViewController.swift in Sources */,
				9C2EF8042A8285C100E8C8F4 /* FriendsListViewController.swift in Sources */,
				6C4EE4E62A7AA15100DE0D5C /* SettingViewController.swift in Sources */,
				9C2EF7EE2A6CFB6000E8C8F4 /* LeftAlignedCollectionViewFlowLayout.swift in Sources */,
				9CFA7D242A45915B003E80A7 /* NetworkingViewController.swift in Sources */,
				6544766E2A94C8EF0050AE9E /* Networking_ServerResponseStruct.swift in Sources */,
				9CCB39DB2A911F8B00968CDB /* ValidateNicknameModel.swift in Sources */,
				9CE426F82A5FD9CD001629DC /* ChooseRegionViewController.swift in Sources */,
				9C2EF7F62A76351D00E8C8F4 /* ScorllView+Ext.swift in Sources */,
				9CFA7D052A458109003E80A7 /* AppDelegate.swift in Sources */,
				6CC638BB2A922B21009BC333 /* RecordingViewController.swift in Sources */,
				6CFAA54C2A6999A7002666F7 /* SceneDelegate.swift in Sources */,
				6CD4A8852A93BF3C00E7DEFD /* CertificationModalVC.swift in Sources */,
				4D94392B2ACD347F00864336 /* ModalartMainViewController.swift in Sources */,
				9CCB39D02A8B39BE00968CDB /* Utils.swift in Sources */,
				9CCB39D52A9062E600968CDB /* String+Ext.swift in Sources */,
				9C2EF8062A8289D100E8C8F4 /* FollowingCell.swift in Sources */,
				65B139332A9107920088452E /* ConfirmEdittingFeedSheetViewController.swift in Sources */,
				9CE426F62A5EA04F001629DC /* NameCell.swift in Sources */,
				652C05DA2A73AB34004CE9C4 /* LocationFilterTableViewCell.swift in Sources */,
				654476702A950B480050AE9E /* FeedModel.swift in Sources */,
				4D9439302ACD54E000864336 /* MogakCell.swift in Sources */,
				6582BDE72A6A786200C87FDE /* NetworkingFeedTableViewCell.swift in Sources */,
				9CCB39D32A8FDA3C00968CDB /* RegisterUserInfo.swift in Sources */,
				9CE426DA2A59C559001629DC /* AppGuideViewController.swift in Sources */,
				6CFAA54D2A6999AB002666F7 /* TabBarViewController.swift in Sources */,
				9C2EF7F22A6D1B1F00E8C8F4 /* RepeatViewCell.swift in Sources */,
				9C82D44A2A95159800CBC1C3 /* MogakModels.swift in Sources */,
				6CD4A8862A93BF4500E7DEFD /* CircularProgressView.swift in Sources */,
				9C2EF7FA2A7E050B00E8C8F4 /* UILabel+Ext.swift in Sources */,
				656A53E02A74F06B00A527A1 /* CategoryFilterCollectionViewCell.swift in Sources */,
				6CD4A8842A93BF2900E7DEFD /* ScheduleTimerVC.swift in Sources */,
				65C119EC2A7941FE0040DFFB /* CategoryFilterSheetView.swift in Sources */,
				9C2EF7E52A63CE0600E8C8F4 /* ListTableViewCell.swift in Sources */,
				9CE426E92A5A3A58001629DC /* OnBoardingThirdViewController.swift in Sources */,
				9CCB39DD2A92677100968CDB /* JoinModel.swift in Sources */,
				9C2EF8002A7FAC9B00E8C8F4 /* JogakDetailCell.swift in Sources */,
				6574D3532A89417700F53A69 /* FeedDetailCommentTableViewCell.swift in Sources */,
				9CE426E92A5A3A58001629DC /* OnBoardingThirdViewController.swift in Sources */,
				9C638AAE2A46C6AA002AB791 /* NetworkManager.swift in Sources */,
				9C638ABC2A46E6CD002AB791 /* WebLink.swift in Sources */,
				6C3502362A6EC24E00080017 /* ScheduleTableViewCell.swift in Sources */,
				9CCB39D72A91186200968CDB /* ApiManager.swift in Sources */,
				9C2EF7F42A74899600E8C8F4 /* DismissKeyboardView.swift in Sources */,
				9CE426F02A5AD705001629DC /* TermsAgreeViewController.swift in Sources */,
				9CE426F22A5D24A5001629DC /* NicknameViewController.swift in Sources */,
				9CE426E72A5A3A4F001629DC /* OnBoardingSecondViewController.swift in Sources */,
			);
			runOnlyForDeploymentPostprocessing = 0;
		};
/* End PBXSourcesBuildPhase section */

/* Begin PBXVariantGroup section */
		9CFA7D0F2A45810B003E80A7 /* LaunchScreen.storyboard */ = {
			isa = PBXVariantGroup;
			children = (
				9CFA7D102A45810B003E80A7 /* Base */,
			);
			name = LaunchScreen.storyboard;
			sourceTree = "<group>";
		};
/* End PBXVariantGroup section */

/* Begin XCBuildConfiguration section */
		9CFA7D132A45810B003E80A7 /* Debug */ = {
			isa = XCBuildConfiguration;
			buildSettings = {
				ALWAYS_SEARCH_USER_PATHS = NO;
				CLANG_ANALYZER_NONNULL = YES;
				CLANG_ANALYZER_NUMBER_OBJECT_CONVERSION = YES_AGGRESSIVE;
				CLANG_CXX_LANGUAGE_STANDARD = "gnu++20";
				CLANG_ENABLE_MODULES = YES;
				CLANG_ENABLE_OBJC_ARC = YES;
				CLANG_ENABLE_OBJC_WEAK = YES;
				CLANG_WARN_BLOCK_CAPTURE_AUTORELEASING = YES;
				CLANG_WARN_BOOL_CONVERSION = YES;
				CLANG_WARN_COMMA = YES;
				CLANG_WARN_CONSTANT_CONVERSION = YES;
				CLANG_WARN_DEPRECATED_OBJC_IMPLEMENTATIONS = YES;
				CLANG_WARN_DIRECT_OBJC_ISA_USAGE = YES_ERROR;
				CLANG_WARN_DOCUMENTATION_COMMENTS = YES;
				CLANG_WARN_EMPTY_BODY = YES;
				CLANG_WARN_ENUM_CONVERSION = YES;
				CLANG_WARN_INFINITE_RECURSION = YES;
				CLANG_WARN_INT_CONVERSION = YES;
				CLANG_WARN_NON_LITERAL_NULL_CONVERSION = YES;
				CLANG_WARN_OBJC_IMPLICIT_RETAIN_SELF = YES;
				CLANG_WARN_OBJC_LITERAL_CONVERSION = YES;
				CLANG_WARN_OBJC_ROOT_CLASS = YES_ERROR;
				CLANG_WARN_QUOTED_INCLUDE_IN_FRAMEWORK_HEADER = YES;
				CLANG_WARN_RANGE_LOOP_ANALYSIS = YES;
				CLANG_WARN_STRICT_PROTOTYPES = YES;
				CLANG_WARN_SUSPICIOUS_MOVE = YES;
				CLANG_WARN_UNGUARDED_AVAILABILITY = YES_AGGRESSIVE;
				CLANG_WARN_UNREACHABLE_CODE = YES;
				CLANG_WARN__DUPLICATE_METHOD_MATCH = YES;
				COPY_PHASE_STRIP = NO;
				DEBUG_INFORMATION_FORMAT = dwarf;
				ENABLE_STRICT_OBJC_MSGSEND = YES;
				ENABLE_TESTABILITY = YES;
				GCC_C_LANGUAGE_STANDARD = gnu11;
				GCC_DYNAMIC_NO_PIC = NO;
				GCC_NO_COMMON_BLOCKS = YES;
				GCC_OPTIMIZATION_LEVEL = 0;
				GCC_PREPROCESSOR_DEFINITIONS = (
					"DEBUG=1",
					"$(inherited)",
				);
				GCC_WARN_64_TO_32_BIT_CONVERSION = YES;
				GCC_WARN_ABOUT_RETURN_TYPE = YES_ERROR;
				GCC_WARN_UNDECLARED_SELECTOR = YES;
				GCC_WARN_UNINITIALIZED_AUTOS = YES_AGGRESSIVE;
				GCC_WARN_UNUSED_FUNCTION = YES;
				GCC_WARN_UNUSED_VARIABLE = YES;
				IPHONEOS_DEPLOYMENT_TARGET = 15.0;
				MTL_ENABLE_DEBUG_INFO = INCLUDE_SOURCE;
				MTL_FAST_MATH = YES;
				ONLY_ACTIVE_ARCH = YES;
				SDKROOT = iphoneos;
				SWIFT_ACTIVE_COMPILATION_CONDITIONS = DEBUG;
				SWIFT_OPTIMIZATION_LEVEL = "-Onone";
			};
			name = Debug;
		};
		9CFA7D142A45810B003E80A7 /* Release */ = {
			isa = XCBuildConfiguration;
			buildSettings = {
				ALWAYS_SEARCH_USER_PATHS = NO;
				CLANG_ANALYZER_NONNULL = YES;
				CLANG_ANALYZER_NUMBER_OBJECT_CONVERSION = YES_AGGRESSIVE;
				CLANG_CXX_LANGUAGE_STANDARD = "gnu++20";
				CLANG_ENABLE_MODULES = YES;
				CLANG_ENABLE_OBJC_ARC = YES;
				CLANG_ENABLE_OBJC_WEAK = YES;
				CLANG_WARN_BLOCK_CAPTURE_AUTORELEASING = YES;
				CLANG_WARN_BOOL_CONVERSION = YES;
				CLANG_WARN_COMMA = YES;
				CLANG_WARN_CONSTANT_CONVERSION = YES;
				CLANG_WARN_DEPRECATED_OBJC_IMPLEMENTATIONS = YES;
				CLANG_WARN_DIRECT_OBJC_ISA_USAGE = YES_ERROR;
				CLANG_WARN_DOCUMENTATION_COMMENTS = YES;
				CLANG_WARN_EMPTY_BODY = YES;
				CLANG_WARN_ENUM_CONVERSION = YES;
				CLANG_WARN_INFINITE_RECURSION = YES;
				CLANG_WARN_INT_CONVERSION = YES;
				CLANG_WARN_NON_LITERAL_NULL_CONVERSION = YES;
				CLANG_WARN_OBJC_IMPLICIT_RETAIN_SELF = YES;
				CLANG_WARN_OBJC_LITERAL_CONVERSION = YES;
				CLANG_WARN_OBJC_ROOT_CLASS = YES_ERROR;
				CLANG_WARN_QUOTED_INCLUDE_IN_FRAMEWORK_HEADER = YES;
				CLANG_WARN_RANGE_LOOP_ANALYSIS = YES;
				CLANG_WARN_STRICT_PROTOTYPES = YES;
				CLANG_WARN_SUSPICIOUS_MOVE = YES;
				CLANG_WARN_UNGUARDED_AVAILABILITY = YES_AGGRESSIVE;
				CLANG_WARN_UNREACHABLE_CODE = YES;
				CLANG_WARN__DUPLICATE_METHOD_MATCH = YES;
				COPY_PHASE_STRIP = NO;
				DEBUG_INFORMATION_FORMAT = "dwarf-with-dsym";
				ENABLE_NS_ASSERTIONS = NO;
				ENABLE_STRICT_OBJC_MSGSEND = YES;
				GCC_C_LANGUAGE_STANDARD = gnu11;
				GCC_NO_COMMON_BLOCKS = YES;
				GCC_WARN_64_TO_32_BIT_CONVERSION = YES;
				GCC_WARN_ABOUT_RETURN_TYPE = YES_ERROR;
				GCC_WARN_UNDECLARED_SELECTOR = YES;
				GCC_WARN_UNINITIALIZED_AUTOS = YES_AGGRESSIVE;
				GCC_WARN_UNUSED_FUNCTION = YES;
				GCC_WARN_UNUSED_VARIABLE = YES;
				IPHONEOS_DEPLOYMENT_TARGET = 15.0;
				MTL_ENABLE_DEBUG_INFO = NO;
				MTL_FAST_MATH = YES;
				SDKROOT = iphoneos;
				SWIFT_COMPILATION_MODE = wholemodule;
				SWIFT_OPTIMIZATION_LEVEL = "-O";
				VALIDATE_PRODUCT = YES;
			};
			name = Release;
		};
		9CFA7D162A45810B003E80A7 /* Debug */ = {
			isa = XCBuildConfiguration;
			baseConfigurationReference = 12F1BF204BE4BB075C412C38 /* Pods-MOGAK.debug.xcconfig */;
			buildSettings = {
				ASSETCATALOG_COMPILER_APPICON_NAME = AppIcon;
				ASSETCATALOG_COMPILER_GLOBAL_ACCENT_COLOR_NAME = AccentColor;
				CODE_SIGN_ENTITLEMENTS = MOGAK/MOGAK.entitlements;
				CODE_SIGN_IDENTITY = "Apple Development";
				CODE_SIGN_STYLE = Automatic;
				CURRENT_PROJECT_VERSION = 1;
				DEVELOPMENT_TEAM = DSRQ5VPU2Y;
				GENERATE_INFOPLIST_FILE = YES;
				INFOPLIST_FILE = MOGAK/Info.plist;
				INFOPLIST_KEY_CFBundleDisplayName = "모각";
				INFOPLIST_KEY_LSApplicationCategoryType = "public.app-category.social-networking";
				INFOPLIST_KEY_NSPhotoLibraryUsageDescription = "앨범 접근 권한을 허용해주세요.";
				INFOPLIST_KEY_UIApplicationSupportsIndirectInputEvents = YES;
				INFOPLIST_KEY_UILaunchStoryboardName = LaunchScreen.storyboard;
				INFOPLIST_KEY_UISupportedInterfaceOrientations = UIInterfaceOrientationPortrait;
				INFOPLIST_KEY_UISupportedInterfaceOrientations_iPad = "UIInterfaceOrientationLandscapeLeft UIInterfaceOrientationLandscapeRight UIInterfaceOrientationPortrait UIInterfaceOrientationPortraitUpsideDown";
				INFOPLIST_KEY_UIUserInterfaceStyle = Light;
				IPHONEOS_DEPLOYMENT_TARGET = 15.0;
				LD_RUNPATH_SEARCH_PATHS = (
					"$(inherited)",
					"@executable_path/Frameworks",
				);
				MARKETING_VERSION = 1.0.3;
				PRODUCT_BUNDLE_IDENTIFIER = com.team.mogak;
				PRODUCT_NAME = "$(TARGET_NAME)";
				PROVISIONING_PROFILE_SPECIFIER = "";
				SUPPORTED_PLATFORMS = "iphoneos iphonesimulator";
				SUPPORTS_MACCATALYST = NO;
				SUPPORTS_MAC_DESIGNED_FOR_IPHONE_IPAD = NO;
				SWIFT_EMIT_LOC_STRINGS = YES;
				SWIFT_VERSION = 5.0;
				TARGETED_DEVICE_FAMILY = 1;
			};
			name = Debug;
		};
		9CFA7D172A45810B003E80A7 /* Release */ = {
			isa = XCBuildConfiguration;
			baseConfigurationReference = 62E3F4A01A4552D231B9FED7 /* Pods-MOGAK.release.xcconfig */;
			buildSettings = {
				ASSETCATALOG_COMPILER_APPICON_NAME = AppIcon;
				ASSETCATALOG_COMPILER_GLOBAL_ACCENT_COLOR_NAME = AccentColor;
				CODE_SIGN_ENTITLEMENTS = MOGAK/MOGAK.entitlements;
				CODE_SIGN_IDENTITY = "Apple Development";
				CODE_SIGN_STYLE = Automatic;
				CURRENT_PROJECT_VERSION = 1;
				DEVELOPMENT_TEAM = DSRQ5VPU2Y;
				GENERATE_INFOPLIST_FILE = YES;
				INFOPLIST_FILE = MOGAK/Info.plist;
				INFOPLIST_KEY_CFBundleDisplayName = "모각";
				INFOPLIST_KEY_LSApplicationCategoryType = "public.app-category.social-networking";
				INFOPLIST_KEY_NSPhotoLibraryUsageDescription = "앨범 접근 권한을 허용해주세요.";
				INFOPLIST_KEY_UIApplicationSupportsIndirectInputEvents = YES;
				INFOPLIST_KEY_UILaunchStoryboardName = LaunchScreen.storyboard;
				INFOPLIST_KEY_UISupportedInterfaceOrientations = UIInterfaceOrientationPortrait;
				INFOPLIST_KEY_UISupportedInterfaceOrientations_iPad = "UIInterfaceOrientationLandscapeLeft UIInterfaceOrientationLandscapeRight UIInterfaceOrientationPortrait UIInterfaceOrientationPortraitUpsideDown";
				INFOPLIST_KEY_UIUserInterfaceStyle = Light;
				IPHONEOS_DEPLOYMENT_TARGET = 15.0;
				LD_RUNPATH_SEARCH_PATHS = (
					"$(inherited)",
					"@executable_path/Frameworks",
				);
				MARKETING_VERSION = 1.0.3;
				PRODUCT_BUNDLE_IDENTIFIER = com.team.mogak;
				PRODUCT_NAME = "$(TARGET_NAME)";
				PROVISIONING_PROFILE_SPECIFIER = "";
				SUPPORTED_PLATFORMS = "iphoneos iphonesimulator";
				SUPPORTS_MACCATALYST = NO;
				SUPPORTS_MAC_DESIGNED_FOR_IPHONE_IPAD = NO;
				SWIFT_EMIT_LOC_STRINGS = YES;
				SWIFT_VERSION = 5.0;
				TARGETED_DEVICE_FAMILY = 1;
			};
			name = Release;
		};
/* End XCBuildConfiguration section */

/* Begin XCConfigurationList section */
		9CFA7CFC2A458109003E80A7 /* Build configuration list for PBXProject "MOGAK" */ = {
			isa = XCConfigurationList;
			buildConfigurations = (
				9CFA7D132A45810B003E80A7 /* Debug */,
				9CFA7D142A45810B003E80A7 /* Release */,
			);
			defaultConfigurationIsVisible = 0;
			defaultConfigurationName = Release;
		};
		9CFA7D152A45810B003E80A7 /* Build configuration list for PBXNativeTarget "MOGAK" */ = {
			isa = XCConfigurationList;
			buildConfigurations = (
				9CFA7D162A45810B003E80A7 /* Debug */,
				9CFA7D172A45810B003E80A7 /* Release */,
			);
			defaultConfigurationIsVisible = 0;
			defaultConfigurationName = Release;
		};
/* End XCConfigurationList section */
	};
	rootObject = 9CFA7CF92A458109003E80A7 /* Project object */;
}
