// !$*UTF8*$!
{
	archiveVersion = 1;
	classes = {
	};
	objectVersion = 70;
	objects = {

/* Begin PBXBuildFile section */
		4DF83CF32B18B5CC00E1BD6D /* WebKit.framework in Frameworks */ = {isa = PBXBuildFile; fileRef = 4DF83CF22B18B5CC00E1BD6D /* WebKit.framework */; };
		D154EF052F6FA04B00A18D99 /* ReusableKit in Frameworks */ = {isa = PBXBuildFile; productRef = D154EF042F6FA04B00A18D99 /* ReusableKit */; };
		D18C0F852F6F8FA60014DA6D /* Kingfisher in Frameworks */ = {isa = PBXBuildFile; productRef = D18C0F842F6F8FA60014DA6D /* Kingfisher */; };
		D18C0F882F6F8FB30014DA6D /* SnapKit in Frameworks */ = {isa = PBXBuildFile; productRef = D18C0F872F6F8FB30014DA6D /* SnapKit */; };
		D18C0F8B2F6F8FC80014DA6D /* Alamofire in Frameworks */ = {isa = PBXBuildFile; productRef = D18C0F8A2F6F8FC80014DA6D /* Alamofire */; };
		D18C0F8E2F6F902C0014DA6D /* Lottie in Frameworks */ = {isa = PBXBuildFile; productRef = D18C0F8D2F6F902C0014DA6D /* Lottie */; };
		D18C0F912F6F90580014DA6D /* FSCalendar in Frameworks */ = {isa = PBXBuildFile; productRef = D18C0F902F6F90580014DA6D /* FSCalendar */; };
		D18C0F942F6F90950014DA6D /* SwiftyJSON in Frameworks */ = {isa = PBXBuildFile; productRef = D18C0F932F6F90950014DA6D /* SwiftyJSON */; };
		D18C0F972F6F90D30014DA6D /* ExpyTableView in Frameworks */ = {isa = PBXBuildFile; productRef = D18C0F962F6F90D30014DA6D /* ExpyTableView */; };
		D18C0F9A2F6F92830014DA6D /* Then in Frameworks */ = {isa = PBXBuildFile; productRef = D18C0F992F6F92830014DA6D /* Then */; };
		D18C0FA42F7A0000014DA6D /* GoogleSignIn in Frameworks */ = {isa = PBXBuildFile; productRef = D18C0FA32F7A0000014DA6D /* GoogleSignIn */; };
		D18C0FB42F7A0000014DA6D /* KakaoSDKAuth in Frameworks */ = {isa = PBXBuildFile; productRef = D18C0FB52F7A0000014DA6D /* KakaoSDKAuth */; };
		D18C0FB62F7A0000014DA6D /* KakaoSDKCommon in Frameworks */ = {isa = PBXBuildFile; productRef = D18C0FB72F7A0000014DA6D /* KakaoSDKCommon */; };
		D18C0FB82F7A0000014DA6D /* KakaoSDKUser in Frameworks */ = {isa = PBXBuildFile; productRef = D18C0FB92F7A0000014DA6D /* KakaoSDKUser */; };
/* End PBXBuildFile section */

/* Begin PBXFileReference section */
		4DF83CF22B18B5CC00E1BD6D /* WebKit.framework */ = {isa = PBXFileReference; lastKnownFileType = wrapper.framework; name = WebKit.framework; path = System/Library/Frameworks/WebKit.framework; sourceTree = SDKROOT; };
		9CFA7D012A458109003E80A7 /* MOGAK.app */ = {isa = PBXFileReference; explicitFileType = wrapper.application; includeInIndex = 0; path = MOGAK.app; sourceTree = BUILT_PRODUCTS_DIR; };
		D1F0A0012F92000000A11CE0 /* Configuration/Auth.xcconfig */ = {isa = PBXFileReference; lastKnownFileType = text.xcconfig; path = Configuration/Auth.xcconfig; sourceTree = SOURCE_ROOT; };
/* End PBXFileReference section */

/* Begin PBXFileSystemSynchronizedRootGroup section */
		D1090C862F6FC92A001FFF4E /* MOGAK2 */ = {isa = PBXFileSystemSynchronizedRootGroup; explicitFileTypes = {}; explicitFolders = (); path = MOGAK2; sourceTree = "<group>"; };
/* End PBXFileSystemSynchronizedRootGroup section */

/* Begin PBXFrameworksBuildPhase section */
		9CFA7CFE2A458109003E80A7 /* Frameworks */ = {
			isa = PBXFrameworksBuildPhase;
			buildActionMask = 2147483647;
			files = (
				D154EF052F6FA04B00A18D99 /* ReusableKit in Frameworks */,
				D18C0F8E2F6F902C0014DA6D /* Lottie in Frameworks */,
				D18C0F9A2F6F92830014DA6D /* Then in Frameworks */,
				D18C0F942F6F90950014DA6D /* SwiftyJSON in Frameworks */,
				D18C0F912F6F90580014DA6D /* FSCalendar in Frameworks */,
				D18C0F882F6F8FB30014DA6D /* SnapKit in Frameworks */,
				D18C0F8B2F6F8FC80014DA6D /* Alamofire in Frameworks */,
				D18C0FB42F7A0000014DA6D /* KakaoSDKAuth in Frameworks */,
				D18C0FB62F7A0000014DA6D /* KakaoSDKCommon in Frameworks */,
				D18C0FA42F7A0000014DA6D /* GoogleSignIn in Frameworks */,
				D18C0FB82F7A0000014DA6D /* KakaoSDKUser in Frameworks */,
				D18C0F852F6F8FA60014DA6D /* Kingfisher in Frameworks */,
				D18C0F972F6F90D30014DA6D /* ExpyTableView in Frameworks */,
				4DF83CF32B18B5CC00E1BD6D /* WebKit.framework in Frameworks */,
			);
			runOnlyForDeploymentPostprocessing = 0;
		};
/* End PBXFrameworksBuildPhase section */

/* Begin PBXGroup section */
		49735387F313C5F5C869DD30 /* Frameworks */ = {
			isa = PBXGroup;
			children = (
				4DF83CF22B18B5CC00E1BD6D /* WebKit.framework */,
			);
			name = Frameworks;
			sourceTree = "<group>";
		};
		9CFA7CF82A458109003E80A7 = {
			isa = PBXGroup;
			children = (
				D1F0A0012F92000000A11CE0 /* Configuration/Auth.xcconfig */,
				9CFA7D022A458109003E80A7 /* Products */,
				49735387F313C5F5C869DD30 /* Frameworks */,
				D1090C862F6FC92A001FFF4E /* MOGAK2 */,
			);
			sourceTree = "<group>";
		};
		9CFA7D022A458109003E80A7 /* Products */ = {
			isa = PBXGroup;
			children = (
				9CFA7D012A458109003E80A7 /* MOGAK.app */,
			);
			name = Products;
			sourceTree = "<group>";
		};
/* End PBXGroup section */

/* Begin PBXNativeTarget section */
		9CFA7D002A458109003E80A7 /* MOGAK */ = {
			isa = PBXNativeTarget;
			buildConfigurationList = 9CFA7D152A45810B003E80A7 /* Build configuration list for PBXNativeTarget "MOGAK" */;
			buildPhases = (
				9CFA7CFD2A458109003E80A7 /* Sources */,
				9CFA7CFE2A458109003E80A7 /* Frameworks */,
				9CFA7CFF2A458109003E80A7 /* Resources */,
			);
			buildRules = (
			);
			dependencies = (
			);
			fileSystemSynchronizedGroups = (
				D1090C862F6FC92A001FFF4E /* MOGAK2 */,
			);
			name = MOGAK;
			productName = MOGAK;
			productReference = 9CFA7D012A458109003E80A7 /* MOGAK.app */;
			productType = "com.apple.product-type.application";
		};
/* End PBXNativeTarget section */

/* Begin PBXProject section */
		9CFA7CF92A458109003E80A7 /* Project object */ = {
			isa = PBXProject;
			attributes = {
				BuildIndependentTargetsInParallel = 1;
				LastSwiftUpdateCheck = 1410;
				LastUpgradeCheck = 1410;
				TargetAttributes = {
					9CFA7D002A458109003E80A7 = {
						CreatedOnToolsVersion = 14.1;
					};
				};
			};
			buildConfigurationList = 9CFA7CFC2A458109003E80A7 /* Build configuration list for PBXProject "MOGAK" */;
			compatibilityVersion = "Xcode 14.0";
			developmentRegion = en;
			hasScannedForEncodings = 0;
			knownRegions = (
				en,
				Base,
			);
			mainGroup = 9CFA7CF82A458109003E80A7;
			packageReferences = (
				D18C0F832F6F8FA60014DA6D /* XCRemoteSwiftPackageReference "Kingfisher" */,
				D18C0F862F6F8FB30014DA6D /* XCRemoteSwiftPackageReference "SnapKit" */,
				D18C0F892F6F8FC80014DA6D /* XCRemoteSwiftPackageReference "Alamofire" */,
				D18C0F8C2F6F902C0014DA6D /* XCRemoteSwiftPackageReference "lottie-spm" */,
				D18C0F8F2F6F90580014DA6D /* XCRemoteSwiftPackageReference "FSCalendar" */,
				D18C0F922F6F90950014DA6D /* XCRemoteSwiftPackageReference "SwiftyJSON" */,
				D18C0F952F6F90D30014DA6D /* XCRemoteSwiftPackageReference "ExpyTableView" */,
				D18C0F982F6F92830014DA6D /* XCRemoteSwiftPackageReference "Then" */,
				D154EF032F6FA04B00A18D99 /* XCRemoteSwiftPackageReference "ReusableKit" */,
				D18C0FA22F7A0000014DA6D /* XCRemoteSwiftPackageReference "GoogleSignIn-iOS" */,
				D18C0FB22F7A0000014DA6D /* XCRemoteSwiftPackageReference "kakao-ios-sdk" */,
			);
			productRefGroup = 9CFA7D022A458109003E80A7 /* Products */;
			projectDirPath = "";
			projectRoot = "";
			targets = (
				9CFA7D002A458109003E80A7 /* MOGAK */,
			);
		};
/* End PBXProject section */

/* Begin PBXResourcesBuildPhase section */
		9CFA7CFF2A458109003E80A7 /* Resources */ = {
			isa = PBXResourcesBuildPhase;
			buildActionMask = 2147483647;
			files = (
			);
			runOnlyForDeploymentPostprocessing = 0;
		};
/* End PBXResourcesBuildPhase section */

/* Begin PBXSourcesBuildPhase section */
		9CFA7CFD2A458109003E80A7 /* Sources */ = {
			isa = PBXSourcesBuildPhase;
			buildActionMask = 2147483647;
			files = (
			);
			runOnlyForDeploymentPostprocessing = 0;
		};
/* End PBXSourcesBuildPhase section */

/* Begin XCBuildConfiguration section */
		9CFA7D132A45810B003E80A7 /* Debug */ = {
			isa = XCBuildConfiguration;
			buildSettings = {
				ALWAYS_SEARCH_USER_PATHS = NO;
				CLANG_ANALYZER_NONNULL = YES;
				CLANG_ANALYZER_NUMBER_OBJECT_CONVERSION = YES_AGGRESSIVE;
				CLANG_CXX_LANGUAGE_STANDARD = "gnu++20";
				CLANG_ENABLE_MODULES = YES;
				CLANG_ENABLE_OBJC_ARC = YES;
				CLANG_ENABLE_OBJC_WEAK = YES;
				CLANG_WARN_BLOCK_CAPTURE_AUTORELEASING = YES;
				CLANG_WARN_BOOL_CONVERSION = YES;
				CLANG_WARN_COMMA = YES;
				CLANG_WARN_CONSTANT_CONVERSION = YES;
				CLANG_WARN_DEPRECATED_OBJC_IMPLEMENTATIONS = YES;
				CLANG_WARN_DIRECT_OBJC_ISA_USAGE = YES_ERROR;
				CLANG_WARN_DOCUMENTATION_COMMENTS = YES;
				CLANG_WARN_EMPTY_BODY = YES;
				CLANG_WARN_ENUM_CONVERSION = YES;
				CLANG_WARN_INFINITE_RECURSION = YES;
				CLANG_WARN_INT_CONVERSION = YES;
				CLANG_WARN_NON_LITERAL_NULL_CONVERSION = YES;
				CLANG_WARN_OBJC_IMPLICIT_RETAIN_SELF = YES;
				CLANG_WARN_OBJC_LITERAL_CONVERSION = YES;
				CLANG_WARN_OBJC_ROOT_CLASS = YES_ERROR;
				CLANG_WARN_QUOTED_INCLUDE_IN_FRAMEWORK_HEADER = YES;
				CLANG_WARN_RANGE_LOOP_ANALYSIS = YES;
				CLANG_WARN_STRICT_PROTOTYPES = YES;
				CLANG_WARN_SUSPICIOUS_MOVE = YES;
				CLANG_WARN_UNGUARDED_AVAILABILITY = YES_AGGRESSIVE;
				CLANG_WARN_UNREACHABLE_CODE = YES;
				CLANG_WARN__DUPLICATE_METHOD_MATCH = YES;
				COPY_PHASE_STRIP = NO;
				DEBUG_INFORMATION_FORMAT = dwarf;
				ENABLE_STRICT_OBJC_MSGSEND = YES;
				ENABLE_TESTABILITY = YES;
				GCC_C_LANGUAGE_STANDARD = gnu11;
				GCC_DYNAMIC_NO_PIC = NO;
				GCC_NO_COMMON_BLOCKS = YES;
				GCC_OPTIMIZATION_LEVEL = 0;
				GCC_PREPROCESSOR_DEFINITIONS = (
					"DEBUG=1",
					"$(inherited)",
				);
				GCC_WARN_64_TO_32_BIT_CONVERSION = YES;
				GCC_WARN_ABOUT_RETURN_TYPE = YES_ERROR;
				GCC_WARN_UNDECLARED_SELECTOR = YES;
				GCC_WARN_UNINITIALIZED_AUTOS = YES_AGGRESSIVE;
				GCC_WARN_UNUSED_FUNCTION = YES;
				GCC_WARN_UNUSED_VARIABLE = YES;
				IPHONEOS_DEPLOYMENT_TARGET = 16.0;
				MTL_ENABLE_DEBUG_INFO = INCLUDE_SOURCE;
				MTL_FAST_MATH = YES;
				ONLY_ACTIVE_ARCH = YES;
				SDKROOT = iphoneos;
				SWIFT_ACTIVE_COMPILATION_CONDITIONS = DEBUG;
				SWIFT_OPTIMIZATION_LEVEL = "-Onone";
			};
			name = Debug;
		};
		9CFA7D142A45810B003E80A7 /* Release */ = {
			isa = XCBuildConfiguration;
			buildSettings = {
				ALWAYS_SEARCH_USER_PATHS = NO;
				CLANG_ANALYZER_NONNULL = YES;
				CLANG_ANALYZER_NUMBER_OBJECT_CONVERSION = YES_AGGRESSIVE;
				CLANG_CXX_LANGUAGE_STANDARD = "gnu++20";
				CLANG_ENABLE_MODULES = YES;
				CLANG_ENABLE_OBJC_ARC = YES;
				CLANG_ENABLE_OBJC_WEAK = YES;
				CLANG_WARN_BLOCK_CAPTURE_AUTORELEASING = YES;
				CLANG_WARN_BOOL_CONVERSION = YES;
				CLANG_WARN_COMMA = YES;
				CLANG_WARN_CONSTANT_CONVERSION = YES;
				CLANG_WARN_DEPRECATED_OBJC_IMPLEMENTATIONS = YES;
				CLANG_WARN_DIRECT_OBJC_ISA_USAGE = YES_ERROR;
				CLANG_WARN_DOCUMENTATION_COMMENTS = YES;
				CLANG_WARN_EMPTY_BODY = YES;
				CLANG_WARN_ENUM_CONVERSION = YES;
				CLANG_WARN_INFINITE_RECURSION = YES;
				CLANG_WARN_INT_CONVERSION = YES;
				CLANG_WARN_NON_LITERAL_NULL_CONVERSION = YES;
				CLANG_WARN_OBJC_IMPLICIT_RETAIN_SELF = YES;
				CLANG_WARN_OBJC_LITERAL_CONVERSION = YES;
				CLANG_WARN_OBJC_ROOT_CLASS = YES_ERROR;
				CLANG_WARN_QUOTED_INCLUDE_IN_FRAMEWORK_HEADER = YES;
				CLANG_WARN_RANGE_LOOP_ANALYSIS = YES;
				CLANG_WARN_STRICT_PROTOTYPES = YES;
				CLANG_WARN_SUSPICIOUS_MOVE = YES;
				CLANG_WARN_UNGUARDED_AVAILABILITY = YES_AGGRESSIVE;
				CLANG_WARN_UNREACHABLE_CODE = YES;
				CLANG_WARN__DUPLICATE_METHOD_MATCH = YES;
				COPY_PHASE_STRIP = NO;
				DEBUG_INFORMATION_FORMAT = "dwarf-with-dsym";
				ENABLE_NS_ASSERTIONS = NO;
				ENABLE_STRICT_OBJC_MSGSEND = YES;
				GCC_C_LANGUAGE_STANDARD = gnu11;
				GCC_NO_COMMON_BLOCKS = YES;
				GCC_WARN_64_TO_32_BIT_CONVERSION = YES;
				GCC_WARN_ABOUT_RETURN_TYPE = YES_ERROR;
				GCC_WARN_UNDECLARED_SELECTOR = YES;
				GCC_WARN_UNINITIALIZED_AUTOS = YES_AGGRESSIVE;
				GCC_WARN_UNUSED_FUNCTION = YES;
				GCC_WARN_UNUSED_VARIABLE = YES;
				IPHONEOS_DEPLOYMENT_TARGET = 16.0;
				MTL_ENABLE_DEBUG_INFO = NO;
				MTL_FAST_MATH = YES;
				SDKROOT = iphoneos;
				SWIFT_COMPILATION_MODE = wholemodule;
				SWIFT_OPTIMIZATION_LEVEL = "-O";
				VALIDATE_PRODUCT = YES;
			};
			name = Release;
		};
		9CFA7D162A45810B003E80A7 /* Debug */ = {
			isa = XCBuildConfiguration;
			baseConfigurationReference = D1F0A0012F92000000A11CE0 /* Configuration/Auth.xcconfig */;
			buildSettings = {
				ASSETCATALOG_COMPILER_APPICON_NAME = AppIcon;
				ASSETCATALOG_COMPILER_GLOBAL_ACCENT_COLOR_NAME = AccentColor;
				BASE_URL = "http://mogak.shop:8080";
				CODE_SIGN_ENTITLEMENTS = Configuration/MOGAK.entitlements;
				CODE_SIGN_IDENTITY = "Apple Development";
				CODE_SIGN_STYLE = Automatic;
				CURRENT_PROJECT_VERSION = 1;
				DEVELOPMENT_TEAM = 5664C7G97A;
				GENERATE_INFOPLIST_FILE = YES;
				INFOPLIST_FILE = Configuration/Info.plist;
				INFOPLIST_KEY_BASE_URL = "$(BASE_URL)";
				INFOPLIST_KEY_CFBundleDisplayName = "모각";
				INFOPLIST_KEY_LSApplicationCategoryType = "public.app-category.social-networking";
				INFOPLIST_KEY_NSCameraUsageDescription = "카메라 접근 권한 요청";
				INFOPLIST_KEY_NSPhotoLibraryUsageDescription = "앨범 접근 권한을 허용해주세요.";
				INFOPLIST_KEY_TEST_URL = "$(TEST_URL)";
				INFOPLIST_KEY_UIApplicationSupportsIndirectInputEvents = YES;
				INFOPLIST_KEY_UILaunchStoryboardName = LaunchScreen.storyboard;
				INFOPLIST_KEY_UISupportedInterfaceOrientations = UIInterfaceOrientationPortrait;
				INFOPLIST_KEY_UISupportedInterfaceOrientations_iPad = "UIInterfaceOrientationLandscapeLeft UIInterfaceOrientationLandscapeRight UIInterfaceOrientationPortrait UIInterfaceOrientationPortraitUpsideDown";
				INFOPLIST_KEY_UIUserInterfaceStyle = Light;
				IPHONEOS_DEPLOYMENT_TARGET = 16.0;
				LD_RUNPATH_SEARCH_PATHS = (
					"$(inherited)",
					"@executable_path/Frameworks",
				);
				MARKETING_VERSION = 1.0.0;
				PRODUCT_BUNDLE_IDENTIFIER = com.team.mogaks;
				PRODUCT_NAME = "$(TARGET_NAME)";
				PROVISIONING_PROFILE_SPECIFIER = "";
				SUPPORTED_PLATFORMS = "iphoneos iphonesimulator";
				SUPPORTS_MACCATALYST = NO;
				SUPPORTS_MAC_DESIGNED_FOR_IPHONE_IPAD = NO;
				SUPPORTS_XR_DESIGNED_FOR_IPHONE_IPAD = NO;
				SWIFT_EMIT_LOC_STRINGS = NO;
				SWIFT_VERSION = 5.0;
				TARGETED_DEVICE_FAMILY = 1;
				TEST_URL = "http://localhost:8080";
			};
			name = Debug;
		};
		9CFA7D172A45810B003E80A7 /* Release */ = {
			isa = XCBuildConfiguration;
			baseConfigurationReference = D1F0A0012F92000000A11CE0 /* Configuration/Auth.xcconfig */;
			buildSettings = {
				ASSETCATALOG_COMPILER_APPICON_NAME = AppIcon;
				ASSETCATALOG_COMPILER_GLOBAL_ACCENT_COLOR_NAME = AccentColor;
				BASE_URL = "http://mogak.shop:8080";
				CODE_SIGN_ENTITLEMENTS = Configuration/MOGAK.entitlements;
				CODE_SIGN_IDENTITY = "Apple Development";
				CODE_SIGN_STYLE = Automatic;
				CURRENT_PROJECT_VERSION = 1;
				DEVELOPMENT_TEAM = 5664C7G97A;
				GENERATE_INFOPLIST_FILE = YES;
				INFOPLIST_FILE = Configuration/Info.plist;
				INFOPLIST_KEY_BASE_URL = "$(BASE_URL)";
				INFOPLIST_KEY_CFBundleDisplayName = "모각";
				INFOPLIST_KEY_LSApplicationCategoryType = "public.app-category.social-networking";
				INFOPLIST_KEY_NSCameraUsageDescription = "카메라 접근 권한 요청";
				INFOPLIST_KEY_NSPhotoLibraryUsageDescription = "앨범 접근 권한을 허용해주세요.";
				INFOPLIST_KEY_TEST_URL = "$(TEST_URL)";
				INFOPLIST_KEY_UIApplicationSupportsIndirectInputEvents = YES;
				INFOPLIST_KEY_UILaunchStoryboardName = LaunchScreen.storyboard;
				INFOPLIST_KEY_UISupportedInterfaceOrientations = UIInterfaceOrientationPortrait;
				INFOPLIST_KEY_UISupportedInterfaceOrientations_iPad = "UIInterfaceOrientationLandscapeLeft UIInterfaceOrientationLandscapeRight UIInterfaceOrientationPortrait UIInterfaceOrientationPortraitUpsideDown";
				INFOPLIST_KEY_UIUserInterfaceStyle = Light;
				IPHONEOS_DEPLOYMENT_TARGET = 16.0;
				LD_RUNPATH_SEARCH_PATHS = (
					"$(inherited)",
					"@executable_path/Frameworks",
				);
				MARKETING_VERSION = 1.0.0;
				PRODUCT_BUNDLE_IDENTIFIER = com.team.mogaks;
				PRODUCT_NAME = "$(TARGET_NAME)";
				PROVISIONING_PROFILE_SPECIFIER = "";
				SUPPORTED_PLATFORMS = "iphoneos iphonesimulator";
				SUPPORTS_MACCATALYST = NO;
				SUPPORTS_MAC_DESIGNED_FOR_IPHONE_IPAD = NO;
				SUPPORTS_XR_DESIGNED_FOR_IPHONE_IPAD = NO;
				SWIFT_EMIT_LOC_STRINGS = NO;
				SWIFT_VERSION = 5.0;
				TARGETED_DEVICE_FAMILY = 1;
				TEST_URL = "http://localhost:8080";
			};
			name = Release;
		};
/* End XCBuildConfiguration section */

/* Begin XCConfigurationList section */
		9CFA7CFC2A458109003E80A7 /* Build configuration list for PBXProject "MOGAK" */ = {
			isa = XCConfigurationList;
			buildConfigurations = (
				9CFA7D132A45810B003E80A7 /* Debug */,
				9CFA7D142A45810B003E80A7 /* Release */,
			);
			defaultConfigurationIsVisible = 0;
			defaultConfigurationName = Release;
		};
		9CFA7D152A45810B003E80A7 /* Build configuration list for PBXNativeTarget "MOGAK" */ = {
			isa = XCConfigurationList;
			buildConfigurations = (
				9CFA7D162A45810B003E80A7 /* Debug */,
				9CFA7D172A45810B003E80A7 /* Release */,
			);
			defaultConfigurationIsVisible = 0;
			defaultConfigurationName = Release;
		};
/* End XCConfigurationList section */

/* Begin XCRemoteSwiftPackageReference section */
		D154EF032F6FA04B00A18D99 /* XCRemoteSwiftPackageReference "ReusableKit" */ = {
			isa = XCRemoteSwiftPackageReference;
			repositoryURL = "https://github.com/devxoul/ReusableKit";
			requirement = {
				kind = upToNextMajorVersion;
				minimumVersion = 4.0.0;
			};
		};
		D18C0F832F6F8FA60014DA6D /* XCRemoteSwiftPackageReference "Kingfisher" */ = {
			isa = XCRemoteSwiftPackageReference;
			repositoryURL = "https://github.com/onevcat/Kingfisher.git";
			requirement = {
				kind = upToNextMajorVersion;
				minimumVersion = 8.8.0;
			};
		};
		D18C0F862F6F8FB30014DA6D /* XCRemoteSwiftPackageReference "SnapKit" */ = {
			isa = XCRemoteSwiftPackageReference;
			repositoryURL = "https://github.com/SnapKit/SnapKit";
			requirement = {
				kind = upToNextMajorVersion;
				minimumVersion = 5.7.1;
			};
		};
		D18C0F892F6F8FC80014DA6D /* XCRemoteSwiftPackageReference "Alamofire" */ = {
			isa = XCRemoteSwiftPackageReference;
			repositoryURL = "https://github.com/Alamofire/Alamofire";
			requirement = {
				kind = upToNextMajorVersion;
				minimumVersion = 5.11.1;
			};
		};
		D18C0F8C2F6F902C0014DA6D /* XCRemoteSwiftPackageReference "lottie-spm" */ = {
			isa = XCRemoteSwiftPackageReference;
			repositoryURL = "https://github.com/airbnb/lottie-spm";
			requirement = {
				kind = upToNextMajorVersion;
				minimumVersion = 4.6.0;
			};
		};
		D18C0F8F2F6F90580014DA6D /* XCRemoteSwiftPackageReference "FSCalendar" */ = {
			isa = XCRemoteSwiftPackageReference;
			repositoryURL = "https://github.com/WenchaoD/FSCalendar.git";
			requirement = {
				kind = upToNextMajorVersion;
				minimumVersion = 2.8.4;
			};
		};
		D18C0F922F6F90950014DA6D /* XCRemoteSwiftPackageReference "SwiftyJSON" */ = {
			isa = XCRemoteSwiftPackageReference;
			repositoryURL = "https://github.com/SwiftyJSON/SwiftyJSON";
			requirement = {
				kind = upToNextMajorVersion;
				minimumVersion = 5.0.2;
			};
		};
		D18C0F952F6F90D30014DA6D /* XCRemoteSwiftPackageReference "ExpyTableView" */ = {
			isa = XCRemoteSwiftPackageReference;
			repositoryURL = "https://github.com/okhanokbay/ExpyTableView";
			requirement = {
				kind = upToNextMajorVersion;
				minimumVersion = 1.2.2;
			};
		};
		D18C0F982F6F92830014DA6D /* XCRemoteSwiftPackageReference "Then" */ = {
			isa = XCRemoteSwiftPackageReference;
			repositoryURL = "https://github.com/devxoul/Then";
			requirement = {
				kind = upToNextMajorVersion;
				minimumVersion = 3.0.0;
			};
		};
		D18C0FA22F7A0000014DA6D /* XCRemoteSwiftPackageReference "GoogleSignIn-iOS" */ = {
			isa = XCRemoteSwiftPackageReference;
			repositoryURL = "https://github.com/google/GoogleSignIn-iOS";
			requirement = {
				kind = upToNextMajorVersion;
				minimumVersion = 7.0.0;
			};
		};
		D18C0FB22F7A0000014DA6D /* XCRemoteSwiftPackageReference "kakao-ios-sdk" */ = {
			isa = XCRemoteSwiftPackageReference;
			repositoryURL = "https://github.com/kakao/kakao-ios-sdk";
			requirement = {
				kind = upToNextMajorVersion;
				minimumVersion = 2.0.0;
			};
		};
/* End XCRemoteSwiftPackageReference section */

/* Begin XCSwiftPackageProductDependency section */
		D154EF042F6FA04B00A18D99 /* ReusableKit */ = {
			isa = XCSwiftPackageProductDependency;
			package = D154EF032F6FA04B00A18D99 /* XCRemoteSwiftPackageReference "ReusableKit" */;
			productName = ReusableKit;
		};
		D18C0F842F6F8FA60014DA6D /* Kingfisher */ = {
			isa = XCSwiftPackageProductDependency;
			package = D18C0F832F6F8FA60014DA6D /* XCRemoteSwiftPackageReference "Kingfisher" */;
			productName = Kingfisher;
		};
		D18C0F872F6F8FB30014DA6D /* SnapKit */ = {
			isa = XCSwiftPackageProductDependency;
			package = D18C0F862F6F8FB30014DA6D /* XCRemoteSwiftPackageReference "SnapKit" */;
			productName = SnapKit;
		};
		D18C0F8A2F6F8FC80014DA6D /* Alamofire */ = {
			isa = XCSwiftPackageProductDependency;
			package = D18C0F892F6F8FC80014DA6D /* XCRemoteSwiftPackageReference "Alamofire" */;
			productName = Alamofire;
		};
		D18C0F8D2F6F902C0014DA6D /* Lottie */ = {
			isa = XCSwiftPackageProductDependency;
			package = D18C0F8C2F6F902C0014DA6D /* XCRemoteSwiftPackageReference "lottie-spm" */;
			productName = Lottie;
		};
		D18C0F902F6F90580014DA6D /* FSCalendar */ = {
			isa = XCSwiftPackageProductDependency;
			package = D18C0F8F2F6F90580014DA6D /* XCRemoteSwiftPackageReference "FSCalendar" */;
			productName = FSCalendar;
		};
		D18C0F932F6F90950014DA6D /* SwiftyJSON */ = {
			isa = XCSwiftPackageProductDependency;
			package = D18C0F922F6F90950014DA6D /* XCRemoteSwiftPackageReference "SwiftyJSON" */;
			productName = SwiftyJSON;
		};
		D18C0F962F6F90D30014DA6D /* ExpyTableView */ = {
			isa = XCSwiftPackageProductDependency;
			package = D18C0F952F6F90D30014DA6D /* XCRemoteSwiftPackageReference "ExpyTableView" */;
			productName = ExpyTableView;
		};
		D18C0F992F6F92830014DA6D /* Then */ = {
			isa = XCSwiftPackageProductDependency;
			package = D18C0F982F6F92830014DA6D /* XCRemoteSwiftPackageReference "Then" */;
			productName = Then;
		};
		D18C0FA32F7A0000014DA6D /* GoogleSignIn */ = {
			isa = XCSwiftPackageProductDependency;
			package = D18C0FA22F7A0000014DA6D /* XCRemoteSwiftPackageReference "GoogleSignIn-iOS" */;
			productName = GoogleSignIn;
		};
		D18C0FB52F7A0000014DA6D /* KakaoSDKAuth */ = {
			isa = XCSwiftPackageProductDependency;
			package = D18C0FB22F7A0000014DA6D /* XCRemoteSwiftPackageReference "kakao-ios-sdk" */;
			productName = KakaoSDKAuth;
		};
		D18C0FB72F7A0000014DA6D /* KakaoSDKCommon */ = {
			isa = XCSwiftPackageProductDependency;
			package = D18C0FB22F7A0000014DA6D /* XCRemoteSwiftPackageReference "kakao-ios-sdk" */;
			productName = KakaoSDKCommon;
		};
		D18C0FB92F7A0000014DA6D /* KakaoSDKUser */ = {
			isa = XCSwiftPackageProductDependency;
			package = D18C0FB22F7A0000014DA6D /* XCRemoteSwiftPackageReference "kakao-ios-sdk" */;
			productName = KakaoSDKUser;
		};
/* End XCSwiftPackageProductDependency section */
	};
	rootObject = 9CFA7CF92A458109003E80A7 /* Project object */;
}
