// !$*UTF8*$!
{
	archiveVersion = 1;
	classes = {
	};
	objectVersion = 56;
	objects = {

/* Begin PBXBuildFile section */
		9C638AA72A46C0F3002AB791 /* MyPageViewController.swift in Sources */ = {isa = PBXBuildFile; fileRef = 9C638AA62A46C0F3002AB791 /* MyPageViewController.swift */; };
		9CFA7D052A458109003E80A7 /* AppDelegate.swift in Sources */ = {isa = PBXBuildFile; fileRef = 9CFA7D042A458109003E80A7 /* AppDelegate.swift */; };
		9CFA7D072A458109003E80A7 /* SceneDelegate.swift in Sources */ = {isa = PBXBuildFile; fileRef = 9CFA7D062A458109003E80A7 /* SceneDelegate.swift */; };
		9CFA7D092A458109003E80A7 /* FeedViewController.swift in Sources */ = {isa = PBXBuildFile; fileRef = 9CFA7D082A458109003E80A7 /* FeedViewController.swift */; };
		9CFA7D0E2A45810B003E80A7 /* Assets.xcassets in Resources */ = {isa = PBXBuildFile; fileRef = 9CFA7D0D2A45810B003E80A7 /* Assets.xcassets */; };
		9CFA7D112A45810B003E80A7 /* LaunchScreen.storyboard in Resources */ = {isa = PBXBuildFile; fileRef = 9CFA7D0F2A45810B003E80A7 /* LaunchScreen.storyboard */; };
		9CFA7D1A2A458C91003E80A7 /* Font+Ext.swift in Sources */ = {isa = PBXBuildFile; fileRef = 9CFA7D192A458C91003E80A7 /* Font+Ext.swift */; };
		9CFA7D1C2A458CCC003E80A7 /* UIColor+Ext.swift in Sources */ = {isa = PBXBuildFile; fileRef = 9CFA7D1B2A458CCC003E80A7 /* UIColor+Ext.swift */; };
		9CFA7D202A458E89003E80A7 /* TabBarViewController.swift in Sources */ = {isa = PBXBuildFile; fileRef = 9CFA7D1F2A458E89003E80A7 /* TabBarViewController.swift */; };
		9CFA7D222A4590F9003E80A7 /* NetworkingViewController.swift in Sources */ = {isa = PBXBuildFile; fileRef = 9CFA7D212A4590F9003E80A7 /* NetworkingViewController.swift */; };
		9CFA7D242A45915B003E80A7 /* RoutineStartViewController.swift in Sources */ = {isa = PBXBuildFile; fileRef = 9CFA7D232A45915B003E80A7 /* RoutineStartViewController.swift */; };
		9CFA7D262A4591AB003E80A7 /* RoutineRegisterViewController.swift in Sources */ = {isa = PBXBuildFile; fileRef = 9CFA7D252A4591AB003E80A7 /* RoutineRegisterViewController.swift */; };
		9CFA7D282A459424003E80A7 /* BaseViewController.swift in Sources */ = {isa = PBXBuildFile; fileRef = 9CFA7D272A459424003E80A7 /* BaseViewController.swift */; };
		A165D545DF550574C320791C /* Pods_MOGAK.framework in Frameworks */ = {isa = PBXBuildFile; fileRef = B9D4C939577FBCDF4C6293DD /* Pods_MOGAK.framework */; };
/* End PBXBuildFile section */

/* Begin PBXFileReference section */
		98EE4B11BFA59DE1943DE4F3 /* Pods-MOGAK.release.xcconfig */ = {isa = PBXFileReference; includeInIndex = 1; lastKnownFileType = text.xcconfig; name = "Pods-MOGAK.release.xcconfig"; path = "Target Support Files/Pods-MOGAK/Pods-MOGAK.release.xcconfig"; sourceTree = "<group>"; };
		9C638AA62A46C0F3002AB791 /* MyPageViewController.swift */ = {isa = PBXFileReference; lastKnownFileType = sourcecode.swift; path = MyPageViewController.swift; sourceTree = "<group>"; };
		9CFA7D012A458109003E80A7 /* MOGAK.app */ = {isa = PBXFileReference; explicitFileType = wrapper.application; includeInIndex = 0; path = MOGAK.app; sourceTree = BUILT_PRODUCTS_DIR; };
		9CFA7D042A458109003E80A7 /* AppDelegate.swift */ = {isa = PBXFileReference; lastKnownFileType = sourcecode.swift; path = AppDelegate.swift; sourceTree = "<group>"; };
		9CFA7D062A458109003E80A7 /* SceneDelegate.swift */ = {isa = PBXFileReference; lastKnownFileType = sourcecode.swift; path = SceneDelegate.swift; sourceTree = "<group>"; };
		9CFA7D082A458109003E80A7 /* FeedViewController.swift */ = {isa = PBXFileReference; lastKnownFileType = sourcecode.swift; path = FeedViewController.swift; sourceTree = "<group>"; };
		9CFA7D0D2A45810B003E80A7 /* Assets.xcassets */ = {isa = PBXFileReference; lastKnownFileType = folder.assetcatalog; path = Assets.xcassets; sourceTree = "<group>"; };
		9CFA7D102A45810B003E80A7 /* Base */ = {isa = PBXFileReference; lastKnownFileType = file.storyboard; name = Base; path = Base.lproj/LaunchScreen.storyboard; sourceTree = "<group>"; };
		9CFA7D122A45810B003E80A7 /* Info.plist */ = {isa = PBXFileReference; lastKnownFileType = text.plist.xml; path = Info.plist; sourceTree = "<group>"; };
		9CFA7D192A458C91003E80A7 /* Font+Ext.swift */ = {isa = PBXFileReference; lastKnownFileType = sourcecode.swift; path = "Font+Ext.swift"; sourceTree = "<group>"; };
		9CFA7D1B2A458CCC003E80A7 /* UIColor+Ext.swift */ = {isa = PBXFileReference; lastKnownFileType = sourcecode.swift; path = "UIColor+Ext.swift"; sourceTree = "<group>"; };
		9CFA7D1F2A458E89003E80A7 /* TabBarViewController.swift */ = {isa = PBXFileReference; lastKnownFileType = sourcecode.swift; path = TabBarViewController.swift; sourceTree = "<group>"; };
		9CFA7D212A4590F9003E80A7 /* NetworkingViewController.swift */ = {isa = PBXFileReference; lastKnownFileType = sourcecode.swift; path = NetworkingViewController.swift; sourceTree = "<group>"; };
		9CFA7D232A45915B003E80A7 /* RoutineStartViewController.swift */ = {isa = PBXFileReference; lastKnownFileType = sourcecode.swift; path = RoutineStartViewController.swift; sourceTree = "<group>"; };
		9CFA7D252A4591AB003E80A7 /* RoutineRegisterViewController.swift */ = {isa = PBXFileReference; lastKnownFileType = sourcecode.swift; path = RoutineRegisterViewController.swift; sourceTree = "<group>"; };
		9CFA7D272A459424003E80A7 /* BaseViewController.swift */ = {isa = PBXFileReference; lastKnownFileType = sourcecode.swift; path = BaseViewController.swift; sourceTree = "<group>"; };
		B9D4C939577FBCDF4C6293DD /* Pods_MOGAK.framework */ = {isa = PBXFileReference; explicitFileType = wrapper.framework; includeInIndex = 0; path = Pods_MOGAK.framework; sourceTree = BUILT_PRODUCTS_DIR; };
		FE13475512A8DB088F2EF325 /* Pods-MOGAK.debug.xcconfig */ = {isa = PBXFileReference; includeInIndex = 1; lastKnownFileType = text.xcconfig; name = "Pods-MOGAK.debug.xcconfig"; path = "Target Support Files/Pods-MOGAK/Pods-MOGAK.debug.xcconfig"; sourceTree = "<group>"; };
/* End PBXFileReference section */

/* Begin PBXFrameworksBuildPhase section */
		9CFA7CFE2A458109003E80A7 /* Frameworks */ = {
			isa = PBXFrameworksBuildPhase;
			buildActionMask = 2147483647;
			files = (
				A165D545DF550574C320791C /* Pods_MOGAK.framework in Frameworks */,
			);
			runOnlyForDeploymentPostprocessing = 0;
		};
/* End PBXFrameworksBuildPhase section */

/* Begin PBXGroup section */
		6A1C03A268A96BF0F17C707F /* Pods */ = {
			isa = PBXGroup;
			children = (
				FE13475512A8DB088F2EF325 /* Pods-MOGAK.debug.xcconfig */,
				98EE4B11BFA59DE1943DE4F3 /* Pods-MOGAK.release.xcconfig */,
			);
			path = Pods;
			sourceTree = "<group>";
		};
		9CFA7CF82A458109003E80A7 = {
			isa = PBXGroup;
			children = (
				9CFA7D032A458109003E80A7 /* MOGAK */,
				9CFA7D022A458109003E80A7 /* Products */,
				6A1C03A268A96BF0F17C707F /* Pods */,
				EACA3C21DD78B14DAFA5675B /* Frameworks */,
			);
			sourceTree = "<group>";
		};
		9CFA7D022A458109003E80A7 /* Products */ = {
			isa = PBXGroup;
			children = (
				9CFA7D012A458109003E80A7 /* MOGAK.app */,
			);
			name = Products;
			sourceTree = "<group>";
		};
		9CFA7D032A458109003E80A7 /* MOGAK */ = {
			isa = PBXGroup;
			children = (
				9CFA7D042A458109003E80A7 /* AppDelegate.swift */,
				9CFA7D062A458109003E80A7 /* SceneDelegate.swift */,
				9CFA7D1E2A458D60003E80A7 /* Service */,
				9CFA7D1D2A458D25003E80A7 /* Scene */,
				9CFA7D182A458C6E003E80A7 /* Extension */,
				9CFA7D0D2A45810B003E80A7 /* Assets.xcassets */,
				9CFA7D0F2A45810B003E80A7 /* LaunchScreen.storyboard */,
				9CFA7D122A45810B003E80A7 /* Info.plist */,
			);
			path = MOGAK;
			sourceTree = "<group>";
		};
		9CFA7D182A458C6E003E80A7 /* Extension */ = {
			isa = PBXGroup;
			children = (
				9CFA7D192A458C91003E80A7 /* Font+Ext.swift */,
				9CFA7D1B2A458CCC003E80A7 /* UIColor+Ext.swift */,
			);
			path = Extension;
			sourceTree = "<group>";
		};
		9CFA7D1D2A458D25003E80A7 /* Scene */ = {
			isa = PBXGroup;
			children = (
				9CFA7D082A458109003E80A7 /* FeedViewController.swift */,
				9CFA7D1F2A458E89003E80A7 /* TabBarViewController.swift */,
				9CFA7D272A459424003E80A7 /* BaseViewController.swift */,
				9CFA7D212A4590F9003E80A7 /* NetworkingViewController.swift */,
				9CFA7D232A45915B003E80A7 /* RoutineStartViewController.swift */,
				9CFA7D252A4591AB003E80A7 /* RoutineRegisterViewController.swift */,
				9C638AA62A46C0F3002AB791 /* MyPageViewController.swift */,
			);
			path = Scene;
			sourceTree = "<group>";
		};
		9CFA7D1E2A458D60003E80A7 /* Service */ = {
			isa = PBXGroup;
			children = (
			);
			path = Service;
			sourceTree = "<group>";
		};
		EACA3C21DD78B14DAFA5675B /* Frameworks */ = {
			isa = PBXGroup;
			children = (
				B9D4C939577FBCDF4C6293DD /* Pods_MOGAK.framework */,
			);
			name = Frameworks;
			sourceTree = "<group>";
		};
/* End PBXGroup section */

/* Begin PBXNativeTarget section */
		9CFA7D002A458109003E80A7 /* MOGAK */ = {
			isa = PBXNativeTarget;
			buildConfigurationList = 9CFA7D152A45810B003E80A7 /* Build configuration list for PBXNativeTarget "MOGAK" */;
			buildPhases = (
				893795B88C4C3D1C699A3C65 /* [CP] Check Pods Manifest.lock */,
				9CFA7CFD2A458109003E80A7 /* Sources */,
				9CFA7CFE2A458109003E80A7 /* Frameworks */,
				9CFA7CFF2A458109003E80A7 /* Resources */,
				CA475FF1A222C0BBCDF15FB0 /* [CP] Embed Pods Frameworks */,
			);
			buildRules = (
			);
			dependencies = (
			);
			name = MOGAK;
			productName = MOGAK;
			productReference = 9CFA7D012A458109003E80A7 /* MOGAK.app */;
			productType = "com.apple.product-type.application";
		};
/* End PBXNativeTarget section */

/* Begin PBXProject section */
		9CFA7CF92A458109003E80A7 /* Project object */ = {
			isa = PBXProject;
			attributes = {
				BuildIndependentTargetsInParallel = 1;
				LastSwiftUpdateCheck = 1410;
				LastUpgradeCheck = 1410;
				TargetAttributes = {
					9CFA7D002A458109003E80A7 = {
						CreatedOnToolsVersion = 14.1;
					};
				};
			};
			buildConfigurationList = 9CFA7CFC2A458109003E80A7 /* Build configuration list for PBXProject "MOGAK" */;
			compatibilityVersion = "Xcode 14.0";
			developmentRegion = en;
			hasScannedForEncodings = 0;
			knownRegions = (
				en,
				Base,
			);
			mainGroup = 9CFA7CF82A458109003E80A7;
			productRefGroup = 9CFA7D022A458109003E80A7 /* Products */;
			projectDirPath = "";
			projectRoot = "";
			targets = (
				9CFA7D002A458109003E80A7 /* MOGAK */,
			);
		};
/* End PBXProject section */

/* Begin PBXResourcesBuildPhase section */
		9CFA7CFF2A458109003E80A7 /* Resources */ = {
			isa = PBXResourcesBuildPhase;
			buildActionMask = 2147483647;
			files = (
				9CFA7D112A45810B003E80A7 /* LaunchScreen.storyboard in Resources */,
				9CFA7D0E2A45810B003E80A7 /* Assets.xcassets in Resources */,
			);
			runOnlyForDeploymentPostprocessing = 0;
		};
/* End PBXResourcesBuildPhase section */

/* Begin PBXShellScriptBuildPhase section */
		893795B88C4C3D1C699A3C65 /* [CP] Check Pods Manifest.lock */ = {
			isa = PBXShellScriptBuildPhase;
			buildActionMask = 2147483647;
			files = (
			);
			inputFileListPaths = (
			);
			inputPaths = (
				"${PODS_PODFILE_DIR_PATH}/Podfile.lock",
				"${PODS_ROOT}/Manifest.lock",
			);
			name = "[CP] Check Pods Manifest.lock";
			outputFileListPaths = (
			);
			outputPaths = (
				"$(DERIVED_FILE_DIR)/Pods-MOGAK-checkManifestLockResult.txt",
			);
			runOnlyForDeploymentPostprocessing = 0;
			shellPath = /bin/sh;
			shellScript = "diff \"${PODS_PODFILE_DIR_PATH}/Podfile.lock\" \"${PODS_ROOT}/Manifest.lock\" > /dev/null\nif [ $? != 0 ] ; then\n    # print error to STDERR\n    echo \"error: The sandbox is not in sync with the Podfile.lock. Run 'pod install' or update your CocoaPods installation.\" >&2\n    exit 1\nfi\n# This output is used by Xcode 'outputs' to avoid re-running this script phase.\necho \"SUCCESS\" > \"${SCRIPT_OUTPUT_FILE_0}\"\n";
			showEnvVarsInLog = 0;
		};
		CA475FF1A222C0BBCDF15FB0 /* [CP] Embed Pods Frameworks */ = {
			isa = PBXShellScriptBuildPhase;
			buildActionMask = 2147483647;
			files = (
			);
			inputFileListPaths = (
				"${PODS_ROOT}/Target Support Files/Pods-MOGAK/Pods-MOGAK-frameworks-${CONFIGURATION}-input-files.xcfilelist",
			);
			name = "[CP] Embed Pods Frameworks";
			outputFileListPaths = (
				"${PODS_ROOT}/Target Support Files/Pods-MOGAK/Pods-MOGAK-frameworks-${CONFIGURATION}-output-files.xcfilelist",
			);
			runOnlyForDeploymentPostprocessing = 0;
			shellPath = /bin/sh;
			shellScript = "\"${PODS_ROOT}/Target Support Files/Pods-MOGAK/Pods-MOGAK-frameworks.sh\"\n";
			showEnvVarsInLog = 0;
		};
/* End PBXShellScriptBuildPhase section */

/* Begin PBXSourcesBuildPhase section */
		9CFA7CFD2A458109003E80A7 /* Sources */ = {
			isa = PBXSourcesBuildPhase;
			buildActionMask = 2147483647;
			files = (
				9CFA7D1A2A458C91003E80A7 /* Font+Ext.swift in Sources */,
				9CFA7D222A4590F9003E80A7 /* NetworkingViewController.swift in Sources */,
				9CFA7D092A458109003E80A7 /* FeedViewController.swift in Sources */,
				9CFA7D1C2A458CCC003E80A7 /* UIColor+Ext.swift in Sources */,
				9CFA7D262A4591AB003E80A7 /* RoutineRegisterViewController.swift in Sources */,
				9CFA7D282A459424003E80A7 /* BaseViewController.swift in Sources */,
				9C638AA72A46C0F3002AB791 /* MyPageViewController.swift in Sources */,
				9CFA7D242A45915B003E80A7 /* RoutineStartViewController.swift in Sources */,
				9CFA7D052A458109003E80A7 /* AppDelegate.swift in Sources */,
				9CFA7D202A458E89003E80A7 /* TabBarViewController.swift in Sources */,
				9CFA7D072A458109003E80A7 /* SceneDelegate.swift in Sources */,
			);
			runOnlyForDeploymentPostprocessing = 0;
		};
/* End PBXSourcesBuildPhase section */

/* Begin PBXVariantGroup section */
		9CFA7D0F2A45810B003E80A7 /* LaunchScreen.storyboard */ = {
			isa = PBXVariantGroup;
			children = (
				9CFA7D102A45810B003E80A7 /* Base */,
			);
			name = LaunchScreen.storyboard;
			sourceTree = "<group>";
		};
/* End PBXVariantGroup section */

/* Begin XCBuildConfiguration section */
		9CFA7D132A45810B003E80A7 /* Debug */ = {
			isa = XCBuildConfiguration;
			buildSettings = {
				ALWAYS_SEARCH_USER_PATHS = NO;
				CLANG_ANALYZER_NONNULL = YES;
				CLANG_ANALYZER_NUMBER_OBJECT_CONVERSION = YES_AGGRESSIVE;
				CLANG_CXX_LANGUAGE_STANDARD = "gnu++20";
				CLANG_ENABLE_MODULES = YES;
				CLANG_ENABLE_OBJC_ARC = YES;
				CLANG_ENABLE_OBJC_WEAK = YES;
				CLANG_WARN_BLOCK_CAPTURE_AUTORELEASING = YES;
				CLANG_WARN_BOOL_CONVERSION = YES;
				CLANG_WARN_COMMA = YES;
				CLANG_WARN_CONSTANT_CONVERSION = YES;
				CLANG_WARN_DEPRECATED_OBJC_IMPLEMENTATIONS = YES;
				CLANG_WARN_DIRECT_OBJC_ISA_USAGE = YES_ERROR;
				CLANG_WARN_DOCUMENTATION_COMMENTS = YES;
				CLANG_WARN_EMPTY_BODY = YES;
				CLANG_WARN_ENUM_CONVERSION = YES;
				CLANG_WARN_INFINITE_RECURSION = YES;
				CLANG_WARN_INT_CONVERSION = YES;
				CLANG_WARN_NON_LITERAL_NULL_CONVERSION = YES;
				CLANG_WARN_OBJC_IMPLICIT_RETAIN_SELF = YES;
				CLANG_WARN_OBJC_LITERAL_CONVERSION = YES;
				CLANG_WARN_OBJC_ROOT_CLASS = YES_ERROR;
				CLANG_WARN_QUOTED_INCLUDE_IN_FRAMEWORK_HEADER = YES;
				CLANG_WARN_RANGE_LOOP_ANALYSIS = YES;
				CLANG_WARN_STRICT_PROTOTYPES = YES;
				CLANG_WARN_SUSPICIOUS_MOVE = YES;
				CLANG_WARN_UNGUARDED_AVAILABILITY = YES_AGGRESSIVE;
				CLANG_WARN_UNREACHABLE_CODE = YES;
				CLANG_WARN__DUPLICATE_METHOD_MATCH = YES;
				COPY_PHASE_STRIP = NO;
				DEBUG_INFORMATION_FORMAT = dwarf;
				ENABLE_STRICT_OBJC_MSGSEND = YES;
				ENABLE_TESTABILITY = YES;
				GCC_C_LANGUAGE_STANDARD = gnu11;
				GCC_DYNAMIC_NO_PIC = NO;
				GCC_NO_COMMON_BLOCKS = YES;
				GCC_OPTIMIZATION_LEVEL = 0;
				GCC_PREPROCESSOR_DEFINITIONS = (
					"DEBUG=1",
					"$(inherited)",
				);
				GCC_WARN_64_TO_32_BIT_CONVERSION = YES;
				GCC_WARN_ABOUT_RETURN_TYPE = YES_ERROR;
				GCC_WARN_UNDECLARED_SELECTOR = YES;
				GCC_WARN_UNINITIALIZED_AUTOS = YES_AGGRESSIVE;
				GCC_WARN_UNUSED_FUNCTION = YES;
				GCC_WARN_UNUSED_VARIABLE = YES;
				IPHONEOS_DEPLOYMENT_TARGET = 15.0;
				MTL_ENABLE_DEBUG_INFO = INCLUDE_SOURCE;
				MTL_FAST_MATH = YES;
				ONLY_ACTIVE_ARCH = YES;
				SDKROOT = iphoneos;
				SWIFT_ACTIVE_COMPILATION_CONDITIONS = DEBUG;
				SWIFT_OPTIMIZATION_LEVEL = "-Onone";
			};
			name = Debug;
		};
		9CFA7D142A45810B003E80A7 /* Release */ = {
			isa = XCBuildConfiguration;
			buildSettings = {
				ALWAYS_SEARCH_USER_PATHS = NO;
				CLANG_ANALYZER_NONNULL = YES;
				CLANG_ANALYZER_NUMBER_OBJECT_CONVERSION = YES_AGGRESSIVE;
				CLANG_CXX_LANGUAGE_STANDARD = "gnu++20";
				CLANG_ENABLE_MODULES = YES;
				CLANG_ENABLE_OBJC_ARC = YES;
				CLANG_ENABLE_OBJC_WEAK = YES;
				CLANG_WARN_BLOCK_CAPTURE_AUTORELEASING = YES;
				CLANG_WARN_BOOL_CONVERSION = YES;
				CLANG_WARN_COMMA = YES;
				CLANG_WARN_CONSTANT_CONVERSION = YES;
				CLANG_WARN_DEPRECATED_OBJC_IMPLEMENTATIONS = YES;
				CLANG_WARN_DIRECT_OBJC_ISA_USAGE = YES_ERROR;
				CLANG_WARN_DOCUMENTATION_COMMENTS = YES;
				CLANG_WARN_EMPTY_BODY = YES;
				CLANG_WARN_ENUM_CONVERSION = YES;
				CLANG_WARN_INFINITE_RECURSION = YES;
				CLANG_WARN_INT_CONVERSION = YES;
				CLANG_WARN_NON_LITERAL_NULL_CONVERSION = YES;
				CLANG_WARN_OBJC_IMPLICIT_RETAIN_SELF = YES;
				CLANG_WARN_OBJC_LITERAL_CONVERSION = YES;
				CLANG_WARN_OBJC_ROOT_CLASS = YES_ERROR;
				CLANG_WARN_QUOTED_INCLUDE_IN_FRAMEWORK_HEADER = YES;
				CLANG_WARN_RANGE_LOOP_ANALYSIS = YES;
				CLANG_WARN_STRICT_PROTOTYPES = YES;
				CLANG_WARN_SUSPICIOUS_MOVE = YES;
				CLANG_WARN_UNGUARDED_AVAILABILITY = YES_AGGRESSIVE;
				CLANG_WARN_UNREACHABLE_CODE = YES;
				CLANG_WARN__DUPLICATE_METHOD_MATCH = YES;
				COPY_PHASE_STRIP = NO;
				DEBUG_INFORMATION_FORMAT = "dwarf-with-dsym";
				ENABLE_NS_ASSERTIONS = NO;
				ENABLE_STRICT_OBJC_MSGSEND = YES;
				GCC_C_LANGUAGE_STANDARD = gnu11;
				GCC_NO_COMMON_BLOCKS = YES;
				GCC_WARN_64_TO_32_BIT_CONVERSION = YES;
				GCC_WARN_ABOUT_RETURN_TYPE = YES_ERROR;
				GCC_WARN_UNDECLARED_SELECTOR = YES;
				GCC_WARN_UNINITIALIZED_AUTOS = YES_AGGRESSIVE;
				GCC_WARN_UNUSED_FUNCTION = YES;
				GCC_WARN_UNUSED_VARIABLE = YES;
				IPHONEOS_DEPLOYMENT_TARGET = 15.0;
				MTL_ENABLE_DEBUG_INFO = NO;
				MTL_FAST_MATH = YES;
				SDKROOT = iphoneos;
				SWIFT_COMPILATION_MODE = wholemodule;
				SWIFT_OPTIMIZATION_LEVEL = "-O";
				VALIDATE_PRODUCT = YES;
			};
			name = Release;
		};
		9CFA7D162A45810B003E80A7 /* Debug */ = {
			isa = XCBuildConfiguration;
			baseConfigurationReference = FE13475512A8DB088F2EF325 /* Pods-MOGAK.debug.xcconfig */;
			buildSettings = {
				ASSETCATALOG_COMPILER_APPICON_NAME = AppIcon;
				ASSETCATALOG_COMPILER_GLOBAL_ACCENT_COLOR_NAME = AccentColor;
				CODE_SIGN_STYLE = Automatic;
				CURRENT_PROJECT_VERSION = 1;
				DEVELOPMENT_TEAM = YL7ZX6U88Y;
				GENERATE_INFOPLIST_FILE = YES;
				INFOPLIST_FILE = MOGAK/Info.plist;
				INFOPLIST_KEY_UIApplicationSupportsIndirectInputEvents = YES;
				INFOPLIST_KEY_UILaunchStoryboardName = LaunchScreen;
				INFOPLIST_KEY_UISupportedInterfaceOrientations = UIInterfaceOrientationPortrait;
				INFOPLIST_KEY_UISupportedInterfaceOrientations_iPad = "UIInterfaceOrientationLandscapeLeft UIInterfaceOrientationLandscapeRight UIInterfaceOrientationPortrait UIInterfaceOrientationPortraitUpsideDown";
				IPHONEOS_DEPLOYMENT_TARGET = 15.0;
				LD_RUNPATH_SEARCH_PATHS = (
					"$(inherited)",
					"@executable_path/Frameworks",
				);
				MARKETING_VERSION = 1.0;
				PRODUCT_BUNDLE_IDENTIFIER = com.kanghyun.MOGAK;
				PRODUCT_NAME = "$(TARGET_NAME)";
				SUPPORTED_PLATFORMS = "iphoneos iphonesimulator";
				SUPPORTS_MACCATALYST = NO;
				SUPPORTS_MAC_DESIGNED_FOR_IPHONE_IPAD = NO;
				SWIFT_EMIT_LOC_STRINGS = YES;
				SWIFT_VERSION = 5.0;
				TARGETED_DEVICE_FAMILY = 1;
			};
			name = Debug;
		};
		9CFA7D172A45810B003E80A7 /* Release */ = {
			isa = XCBuildConfiguration;
			baseConfigurationReference = 98EE4B11BFA59DE1943DE4F3 /* Pods-MOGAK.release.xcconfig */;
			buildSettings = {
				ASSETCATALOG_COMPILER_APPICON_NAME = AppIcon;
				ASSETCATALOG_COMPILER_GLOBAL_ACCENT_COLOR_NAME = AccentColor;
				CODE_SIGN_STYLE = Automatic;
				CURRENT_PROJECT_VERSION = 1;
				DEVELOPMENT_TEAM = YL7ZX6U88Y;
				GENERATE_INFOPLIST_FILE = YES;
				INFOPLIST_FILE = MOGAK/Info.plist;
				INFOPLIST_KEY_UIApplicationSupportsIndirectInputEvents = YES;
				INFOPLIST_KEY_UILaunchStoryboardName = LaunchScreen;
				INFOPLIST_KEY_UISupportedInterfaceOrientations = UIInterfaceOrientationPortrait;
				INFOPLIST_KEY_UISupportedInterfaceOrientations_iPad = "UIInterfaceOrientationLandscapeLeft UIInterfaceOrientationLandscapeRight UIInterfaceOrientationPortrait UIInterfaceOrientationPortraitUpsideDown";
				IPHONEOS_DEPLOYMENT_TARGET = 15.0;
				LD_RUNPATH_SEARCH_PATHS = (
					"$(inherited)",
					"@executable_path/Frameworks",
				);
				MARKETING_VERSION = 1.0;
				PRODUCT_BUNDLE_IDENTIFIER = com.kanghyun.MOGAK;
				PRODUCT_NAME = "$(TARGET_NAME)";
				SUPPORTED_PLATFORMS = "iphoneos iphonesimulator";
				SUPPORTS_MACCATALYST = NO;
				SUPPORTS_MAC_DESIGNED_FOR_IPHONE_IPAD = NO;
				SWIFT_EMIT_LOC_STRINGS = YES;
				SWIFT_VERSION = 5.0;
				TARGETED_DEVICE_FAMILY = 1;
			};
			name = Release;
		};
/* End XCBuildConfiguration section */

/* Begin XCConfigurationList section */
		9CFA7CFC2A458109003E80A7 /* Build configuration list for PBXProject "MOGAK" */ = {
			isa = XCConfigurationList;
			buildConfigurations = (
				9CFA7D132A45810B003E80A7 /* Debug */,
				9CFA7D142A45810B003E80A7 /* Release */,
			);
			defaultConfigurationIsVisible = 0;
			defaultConfigurationName = Release;
		};
		9CFA7D152A45810B003E80A7 /* Build configuration list for PBXNativeTarget "MOGAK" */ = {
			isa = XCConfigurationList;
			buildConfigurations = (
				9CFA7D162A45810B003E80A7 /* Debug */,
				9CFA7D172A45810B003E80A7 /* Release */,
			);
			defaultConfigurationIsVisible = 0;
			defaultConfigurationName = Release;
		};
/* End XCConfigurationList section */
	};
	rootObject = 9CFA7CF92A458109003E80A7 /* Project object */;
}
